// !$*UTF8*$!
{
	archiveVersion = 1;
	classes = {
	};
	objectVersion = 46;
	objects = {

/* Begin PBXBuildFile section */
		2FF3A13AC64BF7A56E1B2BEB /* libPods.a in Frameworks */ = {isa = PBXBuildFile; fileRef = 7B8C5E22FBDC5BFD208D8D52 /* libPods.a */; };
		752644EC19F6060200B67525 /* DoctorProfileCustomCell.m in Sources */ = {isa = PBXBuildFile; fileRef = 752644EA19F6060200B67525 /* DoctorProfileCustomCell.m */; };
		752644ED19F6060200B67525 /* DoctorProfileCustomCell.xib in Resources */ = {isa = PBXBuildFile; fileRef = 752644EB19F6060200B67525 /* DoctorProfileCustomCell.xib */; };
		752644EF19F608F900B67525 /* DoctorProfileHeaderView.xib in Resources */ = {isa = PBXBuildFile; fileRef = 752644EE19F608F900B67525 /* DoctorProfileHeaderView.xib */; };
		7528481819F2354B0016F54F /* main.m in Sources */ = {isa = PBXBuildFile; fileRef = 7528481719F2354B0016F54F /* main.m */; };
		7528481B19F2354B0016F54F /* AppDelegate.m in Sources */ = {isa = PBXBuildFile; fileRef = 7528481A19F2354B0016F54F /* AppDelegate.m */; };
		7528481E19F2354B0016F54F /* MyHealth.xcdatamodeld in Sources */ = {isa = PBXBuildFile; fileRef = 7528481C19F2354B0016F54F /* MyHealth.xcdatamodeld */; };
		7528482419F2354B0016F54F /* Main.storyboard in Resources */ = {isa = PBXBuildFile; fileRef = 7528482219F2354B0016F54F /* Main.storyboard */; };
		7528482619F2354B0016F54F /* Images.xcassets in Resources */ = {isa = PBXBuildFile; fileRef = 7528482519F2354B0016F54F /* Images.xcassets */; };
		7528482919F2354B0016F54F /* LaunchScreen.xib in Resources */ = {isa = PBXBuildFile; fileRef = 7528482719F2354B0016F54F /* LaunchScreen.xib */; };
		7528483519F2354B0016F54F /* MyHealthTests.m in Sources */ = {isa = PBXBuildFile; fileRef = 7528483419F2354B0016F54F /* MyHealthTests.m */; };
		7528484319F237370016F54F /* HomeViewController.m in Sources */ = {isa = PBXBuildFile; fileRef = 7528483F19F237370016F54F /* HomeViewController.m */; };
		7528484419F237370016F54F /* MenuCustomCollectionViewCell.m in Sources */ = {isa = PBXBuildFile; fileRef = 7528484119F237370016F54F /* MenuCustomCollectionViewCell.m */; };
		7528484519F237370016F54F /* MenuCustomCollectionViewCell.xib in Resources */ = {isa = PBXBuildFile; fileRef = 7528484219F237370016F54F /* MenuCustomCollectionViewCell.xib */; };
		7528484C19F23CDF0016F54F /* bg.png in Resources */ = {isa = PBXBuildFile; fileRef = 7528484A19F23CDF0016F54F /* bg.png */; };
		7528484D19F23CDF0016F54F /* icon_header@2x.png in Resources */ = {isa = PBXBuildFile; fileRef = 7528484B19F23CDF0016F54F /* icon_header@2x.png */; };
		7528485619F23CEA0016F54F /* button_globalsearch@2x.png in Resources */ = {isa = PBXBuildFile; fileRef = 7528484E19F23CEA0016F54F /* button_globalsearch@2x.png */; };
		7528485719F23CEA0016F54F /* icon_doctordirectory@2x.png in Resources */ = {isa = PBXBuildFile; fileRef = 7528484F19F23CEA0016F54F /* icon_doctordirectory@2x.png */; };
		7528485819F23CEA0016F54F /* icon_headerlogo@2x.png in Resources */ = {isa = PBXBuildFile; fileRef = 7528485019F23CEA0016F54F /* icon_headerlogo@2x.png */; };
		7528485919F23CEA0016F54F /* icon_medicaldocs@2x.png in Resources */ = {isa = PBXBuildFile; fileRef = 7528485119F23CEA0016F54F /* icon_medicaldocs@2x.png */; };
		7528485A19F23CEA0016F54F /* icon_medicalhistory@2x.png in Resources */ = {isa = PBXBuildFile; fileRef = 7528485219F23CEA0016F54F /* icon_medicalhistory@2x.png */; };
		7528485B19F23CEA0016F54F /* icon_menuseparator_i5@2x.png in Resources */ = {isa = PBXBuildFile; fileRef = 7528485319F23CEA0016F54F /* icon_menuseparator_i5@2x.png */; };
		7528485C19F23CEA0016F54F /* icon_separator@2x.png in Resources */ = {isa = PBXBuildFile; fileRef = 7528485419F23CEA0016F54F /* icon_separator@2x.png */; };
		7528485D19F23CEA0016F54F /* icon_settings@2x.png in Resources */ = {isa = PBXBuildFile; fileRef = 7528485519F23CEA0016F54F /* icon_settings@2x.png */; };
		7528486019F243000016F54F /* MedicalHistoryViewController.m in Sources */ = {isa = PBXBuildFile; fileRef = 7528485F19F243000016F54F /* MedicalHistoryViewController.m */; };
		7528486619F2498C0016F54F /* MedicalHistoryCustomCell.m in Sources */ = {isa = PBXBuildFile; fileRef = 7528486419F2498C0016F54F /* MedicalHistoryCustomCell.m */; };
		7528486719F2498C0016F54F /* MedicalHistoryCustomCell.xib in Resources */ = {isa = PBXBuildFile; fileRef = 7528486519F2498C0016F54F /* MedicalHistoryCustomCell.xib */; };
		7528486A19F24E180016F54F /* icon_doctorspecial_middle@2x.png in Resources */ = {isa = PBXBuildFile; fileRef = 7528486919F24E180016F54F /* icon_doctorspecial_middle@2x.png */; };
		7528487719F26D660016F54F /* button_commentnote@2x.png in Resources */ = {isa = PBXBuildFile; fileRef = 7528486B19F26D660016F54F /* button_commentnote@2x.png */; };
		7528487819F26D660016F54F /* button_contact@2x.png in Resources */ = {isa = PBXBuildFile; fileRef = 7528486C19F26D660016F54F /* button_contact@2x.png */; };
		7528487919F26D660016F54F /* button_pleaserate_full@2x.png in Resources */ = {isa = PBXBuildFile; fileRef = 7528486D19F26D660016F54F /* button_pleaserate_full@2x.png */; };
		7528487A19F26D660016F54F /* button_pleaserate_null@2x.png in Resources */ = {isa = PBXBuildFile; fileRef = 7528486E19F26D660016F54F /* button_pleaserate_null@2x.png */; };
		7528487B19F26D660016F54F /* button_recdir@2x.png in Resources */ = {isa = PBXBuildFile; fileRef = 7528486F19F26D660016F54F /* button_recdir@2x.png */; };
		7528487C19F26D660016F54F /* icon_favorite_active@2x.png in Resources */ = {isa = PBXBuildFile; fileRef = 7528487019F26D660016F54F /* icon_favorite_active@2x.png */; };
		7528487D19F26D660016F54F /* icon_favorite_nactive@2x.png in Resources */ = {isa = PBXBuildFile; fileRef = 7528487119F26D660016F54F /* icon_favorite_nactive@2x.png */; };
		7528487E19F26D660016F54F /* icon_mydoctor_active@2x.png in Resources */ = {isa = PBXBuildFile; fileRef = 7528487219F26D660016F54F /* icon_mydoctor_active@2x.png */; };
		7528487F19F26D660016F54F /* icon_mydoctor_nactive@2x.png in Resources */ = {isa = PBXBuildFile; fileRef = 7528487319F26D660016F54F /* icon_mydoctor_nactive@2x.png */; };
		7528488019F26D660016F54F /* icon_ratebg@2x.png in Resources */ = {isa = PBXBuildFile; fileRef = 7528487419F26D660016F54F /* icon_ratebg@2x.png */; };
		7528488119F26D660016F54F /* icon_separator@2x.png in Resources */ = {isa = PBXBuildFile; fileRef = 7528487519F26D660016F54F /* icon_separator@2x.png */; };
		7528488219F26D660016F54F /* icon_separatormynotes@2x.png in Resources */ = {isa = PBXBuildFile; fileRef = 7528487619F26D660016F54F /* icon_separatormynotes@2x.png */; };
		7528488F19F26D8C0016F54F /* button_back@2x.png in Resources */ = {isa = PBXBuildFile; fileRef = 7528488319F26D8C0016F54F /* button_back@2x.png */; };
		7528489019F26D8C0016F54F /* button_search@2x.png in Resources */ = {isa = PBXBuildFile; fileRef = 7528488419F26D8C0016F54F /* button_search@2x.png */; };
		7528489119F26D8C0016F54F /* button_searchdel@2x.png in Resources */ = {isa = PBXBuildFile; fileRef = 7528488519F26D8C0016F54F /* button_searchdel@2x.png */; };
		7528489219F26D8C0016F54F /* icon_favoritedoctor@2x.png in Resources */ = {isa = PBXBuildFile; fileRef = 7528488619F26D8C0016F54F /* icon_favoritedoctor@2x.png */; };
		7528489319F26D8C0016F54F /* icon_mydoctor@2x.png in Resources */ = {isa = PBXBuildFile; fileRef = 7528488719F26D8C0016F54F /* icon_mydoctor@2x.png */; };
		7528489419F26D8C0016F54F /* icon_ratereg_full@2x.png in Resources */ = {isa = PBXBuildFile; fileRef = 7528488819F26D8C0016F54F /* icon_ratereg_full@2x.png */; };
		7528489519F26D8C0016F54F /* icon_ratereg_half@2x.png in Resources */ = {isa = PBXBuildFile; fileRef = 7528488919F26D8C0016F54F /* icon_ratereg_half@2x.png */; };
		7528489619F26D8C0016F54F /* icon_ratereg_null@2x.png in Resources */ = {isa = PBXBuildFile; fileRef = 7528488A19F26D8C0016F54F /* icon_ratereg_null@2x.png */; };
		7528489719F26D8C0016F54F /* icon_ratespec_full@2x.png in Resources */ = {isa = PBXBuildFile; fileRef = 7528488B19F26D8C0016F54F /* icon_ratespec_full@2x.png */; };
		7528489819F26D8C0016F54F /* icon_ratespec_half@2x.png in Resources */ = {isa = PBXBuildFile; fileRef = 7528488C19F26D8C0016F54F /* icon_ratespec_half@2x.png */; };
		7528489919F26D8C0016F54F /* icon_ratespec_null@2x.png in Resources */ = {isa = PBXBuildFile; fileRef = 7528488D19F26D8C0016F54F /* icon_ratespec_null@2x.png */; };
		7528489A19F26D8C0016F54F /* icon_searchseparator@2x.png in Resources */ = {isa = PBXBuildFile; fileRef = 7528488E19F26D8C0016F54F /* icon_searchseparator@2x.png */; };
		7528489E19F278C90016F54F /* DoctorHistoryTableViewCell.m in Sources */ = {isa = PBXBuildFile; fileRef = 7528489C19F278C90016F54F /* DoctorHistoryTableViewCell.m */; };
		7528489F19F278C90016F54F /* DoctorHistoryTableViewCell.xib in Resources */ = {isa = PBXBuildFile; fileRef = 7528489D19F278C90016F54F /* DoctorHistoryTableViewCell.xib */; };
		752848A519F2795B0016F54F /* DoctorHistoryViewController.m in Sources */ = {isa = PBXBuildFile; fileRef = 752848A419F2795B0016F54F /* DoctorHistoryViewController.m */; };
		752848B119F2822E0016F54F /* button_checkboxempty@2x.png in Resources */ = {isa = PBXBuildFile; fileRef = 752848A719F2822E0016F54F /* button_checkboxempty@2x.png */; };
		752848B219F2822E0016F54F /* button_checkboxfilled@2x.png in Resources */ = {isa = PBXBuildFile; fileRef = 752848A819F2822E0016F54F /* button_checkboxfilled@2x.png */; };
		752848B319F2822E0016F54F /* button_deselectall@2x.png in Resources */ = {isa = PBXBuildFile; fileRef = 752848A919F2822E0016F54F /* button_deselectall@2x.png */; };
		752848B419F2822E0016F54F /* button_selectall@2x.png in Resources */ = {isa = PBXBuildFile; fileRef = 752848AA19F2822E0016F54F /* button_selectall@2x.png */; };
		752848B519F2822E0016F54F /* icon_fieldempty@2x.png in Resources */ = {isa = PBXBuildFile; fileRef = 752848AB19F2822E0016F54F /* icon_fieldempty@2x.png */; };
		752848B619F2822E0016F54F /* icon_fieldfilled@2x.png in Resources */ = {isa = PBXBuildFile; fileRef = 752848AC19F2822E0016F54F /* icon_fieldfilled@2x.png */; };
		752848B719F2822E0016F54F /* icon_folder@2x.png in Resources */ = {isa = PBXBuildFile; fileRef = 752848AD19F2822E0016F54F /* icon_folder@2x.png */; };
		752848B819F2822E0016F54F /* icon_folderseparator@2x.png in Resources */ = {isa = PBXBuildFile; fileRef = 752848AE19F2822E0016F54F /* icon_folderseparator@2x.png */; };
		752848B919F2822E0016F54F /* icon_selectall@2x.png in Resources */ = {isa = PBXBuildFile; fileRef = 752848AF19F2822E0016F54F /* icon_selectall@2x.png */; };
		752848BA19F2822E0016F54F /* icon_separator@2x.png in Resources */ = {isa = PBXBuildFile; fileRef = 752848B019F2822E0016F54F /* icon_separator@2x.png */; };
		752848BF19F2A84E0016F54F /* icon_doctordirectory.png in Resources */ = {isa = PBXBuildFile; fileRef = 752848BB19F2A84E0016F54F /* icon_doctordirectory.png */; };
		752848C019F2A84E0016F54F /* icon_settings.png in Resources */ = {isa = PBXBuildFile; fileRef = 752848BC19F2A84E0016F54F /* icon_settings.png */; };
		752848C119F2A84E0016F54F /* icon_medicalhistory.png in Resources */ = {isa = PBXBuildFile; fileRef = 752848BD19F2A84E0016F54F /* icon_medicalhistory.png */; };
		752848C219F2A84E0016F54F /* icon_medicaldocs.png in Resources */ = {isa = PBXBuildFile; fileRef = 752848BE19F2A84E0016F54F /* icon_medicaldocs.png */; };
		752848C519F2B0ED0016F54F /* Splash_4.png in Resources */ = {isa = PBXBuildFile; fileRef = 752848C319F2B0ED0016F54F /* Splash_4.png */; };
		752848C619F2B0ED0016F54F /* Splash_5.png in Resources */ = {isa = PBXBuildFile; fileRef = 752848C419F2B0ED0016F54F /* Splash_5.png */; };
		752848C819F2B5FB0016F54F /* doctor.png in Resources */ = {isa = PBXBuildFile; fileRef = 752848C719F2B5FB0016F54F /* doctor.png */; };
		752848D219F2B83C0016F54F /* Icon-29.png in Resources */ = {isa = PBXBuildFile; fileRef = 752848CA19F2B83C0016F54F /* Icon-29.png */; };
		752848D319F2B83C0016F54F /* Icon-29@2x.png in Resources */ = {isa = PBXBuildFile; fileRef = 752848CB19F2B83C0016F54F /* Icon-29@2x.png */; };
		752848D419F2B83C0016F54F /* Icon-40.png in Resources */ = {isa = PBXBuildFile; fileRef = 752848CC19F2B83C0016F54F /* Icon-40.png */; };
		752848D519F2B83C0016F54F /* Icon-40@2x.png in Resources */ = {isa = PBXBuildFile; fileRef = 752848CD19F2B83C0016F54F /* Icon-40@2x.png */; };
		752848D619F2B83C0016F54F /* Icon-60.png in Resources */ = {isa = PBXBuildFile; fileRef = 752848CE19F2B83C0016F54F /* Icon-60.png */; };
		752848D719F2B83C0016F54F /* Icon-60@2x.png in Resources */ = {isa = PBXBuildFile; fileRef = 752848CF19F2B83C0016F54F /* Icon-60@2x.png */; };
		752848D819F2B83C0016F54F /* Icon.png in Resources */ = {isa = PBXBuildFile; fileRef = 752848D019F2B83C0016F54F /* Icon.png */; };
		752848D919F2B83C0016F54F /* Icon@2x.png in Resources */ = {isa = PBXBuildFile; fileRef = 752848D119F2B83C0016F54F /* Icon@2x.png */; };
		75ADA07C19F6B88C00BA3E44 /* DoctorProfileHeaderView.m in Sources */ = {isa = PBXBuildFile; fileRef = 75ADA07B19F6B88C00BA3E44 /* DoctorProfileHeaderView.m */; };
		75ADA07F19F6B9AF00BA3E44 /* DoctorProfileFooterView.m in Sources */ = {isa = PBXBuildFile; fileRef = 75ADA07E19F6B9AF00BA3E44 /* DoctorProfileFooterView.m */; };
		75ADA08119F6B9BE00BA3E44 /* DoctorProfileFooterView.xib in Resources */ = {isa = PBXBuildFile; fileRef = 75ADA08019F6B9BE00BA3E44 /* DoctorProfileFooterView.xib */; };
		75ADA08319F6C08500BA3E44 /* icon_doctorspecial@2x.png in Resources */ = {isa = PBXBuildFile; fileRef = 75ADA08219F6C08500BA3E44 /* icon_doctorspecial@2x.png */; };
		75ADA08519F6CCE100BA3E44 /* button_contact@2x.png in Resources */ = {isa = PBXBuildFile; fileRef = 75ADA08419F6CCE100BA3E44 /* button_contact@2x.png */; };
		75ADA08719F6CD8F00BA3E44 /* button_recdir@2x.png in Resources */ = {isa = PBXBuildFile; fileRef = 75ADA08619F6CD8F00BA3E44 /* button_recdir@2x.png */; };
		75ADA08B19F6D03900BA3E44 /* doc.png in Resources */ = {isa = PBXBuildFile; fileRef = 75ADA08A19F6D03900BA3E44 /* doc.png */; };
		75ADA08F19F6D2BB00BA3E44 /* DoctorEducationHistroyCell.m in Sources */ = {isa = PBXBuildFile; fileRef = 75ADA08D19F6D2BB00BA3E44 /* DoctorEducationHistroyCell.m */; };
		75ADA09019F6D2BB00BA3E44 /* DoctorEducationHistroyCell.xib in Resources */ = {isa = PBXBuildFile; fileRef = 75ADA08E19F6D2BB00BA3E44 /* DoctorEducationHistroyCell.xib */; };
		75B351D519F8DC3200D02CDA /* DoctorCommentsCustomCell.m in Sources */ = {isa = PBXBuildFile; fileRef = 75B351D319F8DC3200D02CDA /* DoctorCommentsCustomCell.m */; };
		75B351D619F8DC3200D02CDA /* DoctorCommentsCustomCell.xib in Resources */ = {isa = PBXBuildFile; fileRef = 75B351D419F8DC3200D02CDA /* DoctorCommentsCustomCell.xib */; };
		75B351DA19F8E0B300D02CDA /* DoctorNotesCustomCell.m in Sources */ = {isa = PBXBuildFile; fileRef = 75B351D819F8E0B300D02CDA /* DoctorNotesCustomCell.m */; };
		75B351DB19F8E0B300D02CDA /* DoctorNotesCustomCell.xib in Resources */ = {isa = PBXBuildFile; fileRef = 75B351D919F8E0B300D02CDA /* DoctorNotesCustomCell.xib */; };
		75B351DD19F8EDC200D02CDA /* james.jpg in Resources */ = {isa = PBXBuildFile; fileRef = 75B351DC19F8EDC200D02CDA /* james.jpg */; };
		75B351E019F8FA7600D02CDA /* icon_stetho.png in Resources */ = {isa = PBXBuildFile; fileRef = 75B351DE19F8FA7600D02CDA /* icon_stetho.png */; };
		75B351E119F8FA7600D02CDA /* icon_stetho@2x.png in Resources */ = {isa = PBXBuildFile; fileRef = 75B351DF19F8FA7600D02CDA /* icon_stetho@2x.png */; };
		75B351E419F901B000D02CDA /* icon_edu@2x 2.png in Resources */ = {isa = PBXBuildFile; fileRef = 75B351E219F901B000D02CDA /* icon_edu@2x 2.png */; };
		75B351E519F901B000D02CDA /* icon_edu.png in Resources */ = {isa = PBXBuildFile; fileRef = 75B351E319F901B000D02CDA /* icon_edu.png */; };
		75B351E719F9132500D02CDA /* icon_separatormynotes@2x.png in Resources */ = {isa = PBXBuildFile; fileRef = 75B351E619F9132500D02CDA /* icon_separatormynotes@2x.png */; };
		75B351EE19F9201400D02CDA /* MedicalDocumentsViewController.m in Sources */ = {isa = PBXBuildFile; fileRef = 75B351ED19F9201400D02CDA /* MedicalDocumentsViewController.m */; };
		75B351F219F923C400D02CDA /* MedicalDocumentsCustomCell.m in Sources */ = {isa = PBXBuildFile; fileRef = 75B351F019F923C400D02CDA /* MedicalDocumentsCustomCell.m */; };
		75B351F319F923C400D02CDA /* MedicalDocumentsCustomCell.xib in Resources */ = {isa = PBXBuildFile; fileRef = 75B351F119F923C400D02CDA /* MedicalDocumentsCustomCell.xib */; };
		75B3520419F9254600D02CDA /* button_add@2x.png in Resources */ = {isa = PBXBuildFile; fileRef = 75B351F519F9254600D02CDA /* button_add@2x.png */; };
		75B3520519F9254600D02CDA /* button_delete@2x.png in Resources */ = {isa = PBXBuildFile; fileRef = 75B351F619F9254600D02CDA /* button_delete@2x.png */; };
		75B3520619F9254600D02CDA /* button_move@2x.png in Resources */ = {isa = PBXBuildFile; fileRef = 75B351F719F9254600D02CDA /* button_move@2x.png */; };
		75B3520719F9254600D02CDA /* button_plus@2x.png in Resources */ = {isa = PBXBuildFile; fileRef = 75B351F819F9254600D02CDA /* button_plus@2x.png */; };
		75B3520819F9254600D02CDA /* button_share@2x.png in Resources */ = {isa = PBXBuildFile; fileRef = 75B351F919F9254600D02CDA /* button_share@2x.png */; };
		75B3520919F9254600D02CDA /* icon_connectdropbox@2x.png in Resources */ = {isa = PBXBuildFile; fileRef = 75B351FA19F9254600D02CDA /* icon_connectdropbox@2x.png */; };
		75B3520A19F9254600D02CDA /* icon_connectg+@2x.png in Resources */ = {isa = PBXBuildFile; fileRef = 75B351FB19F9254600D02CDA /* icon_connectg+@2x.png */; };
		75B3520B19F9254600D02CDA /* icon_connecticloud@2x.png in Resources */ = {isa = PBXBuildFile; fileRef = 75B351FC19F9254600D02CDA /* icon_connecticloud@2x.png */; };
		75B3520C19F9254600D02CDA /* icon_connectlogo@2x.png in Resources */ = {isa = PBXBuildFile; fileRef = 75B351FD19F9254600D02CDA /* icon_connectlogo@2x.png */; };
		75B3520D19F9254600D02CDA /* icon_connectmiddle@2x.png in Resources */ = {isa = PBXBuildFile; fileRef = 75B351FE19F9254600D02CDA /* icon_connectmiddle@2x.png */; };
		75B3520E19F9254600D02CDA /* icon_connectonedrive@2x.png in Resources */ = {isa = PBXBuildFile; fileRef = 75B351FF19F9254600D02CDA /* icon_connectonedrive@2x.png */; };
		75B3520F19F9254600D02CDA /* icon_connecttop@2x.png in Resources */ = {isa = PBXBuildFile; fileRef = 75B3520019F9254600D02CDA /* icon_connecttop@2x.png */; };
		75B3521119F9254600D02CDA /* icon_doc.png in Resources */ = {isa = PBXBuildFile; fileRef = 75B3520219F9254600D02CDA /* icon_doc.png */; };
		75B3521219F9254600D02CDA /* icon_image@2x.png in Resources */ = {isa = PBXBuildFile; fileRef = 75B3520319F9254600D02CDA /* icon_image@2x.png */; };
		75B91EE819F5602200FDA7F4 /* DoctorProfileViewController.m in Sources */ = {isa = PBXBuildFile; fileRef = 75B91EE719F5602200FDA7F4 /* DoctorProfileViewController.m */; };
		75CBD3BD19FBA83100686774 /* SettingsViewController.m in Sources */ = {isa = PBXBuildFile; fileRef = 75CBD3BC19FBA83100686774 /* SettingsViewController.m */; };
		75CBD3C119FBAD1E00686774 /* button_common.png in Resources */ = {isa = PBXBuildFile; fileRef = 75CBD3BF19FBAD1E00686774 /* button_common.png */; };
		75CBD3C219FBAD1E00686774 /* button_common@2x.png in Resources */ = {isa = PBXBuildFile; fileRef = 75CBD3C019FBAD1E00686774 /* button_common@2x.png */; };
		75CBD3C419FBAFCA00686774 /* icon_connectlogo@2x.png in Resources */ = {isa = PBXBuildFile; fileRef = 75CBD3C319FBAFCA00686774 /* icon_connectlogo@2x.png */; };
		75CBD3C619FBB01800686774 /* icon_connectlogo.png in Resources */ = {isa = PBXBuildFile; fileRef = 75CBD3C519FBB01800686774 /* icon_connectlogo.png */; };
		75CBD3CA19FBB87D00686774 /* button_checkboxfilled@2x.png in Resources */ = {isa = PBXBuildFile; fileRef = 75CBD3C719FBB87D00686774 /* button_checkboxfilled@2x.png */; };
		75CBD3CB19FBB87D00686774 /* icon_fieldempty@2x.png in Resources */ = {isa = PBXBuildFile; fileRef = 75CBD3C819FBB87D00686774 /* icon_fieldempty@2x.png */; };
		75CBD3CC19FBB87D00686774 /* icon_fieldfilled@2x.png in Resources */ = {isa = PBXBuildFile; fileRef = 75CBD3C919FBB87D00686774 /* icon_fieldfilled@2x.png */; };
		75CBD3D019FBB8F800686774 /* icon_fieldempty.png in Resources */ = {isa = PBXBuildFile; fileRef = 75CBD3CD19FBB8F800686774 /* icon_fieldempty.png */; };
		75CBD3D119FBB8F800686774 /* icon_fieldfilled.png in Resources */ = {isa = PBXBuildFile; fileRef = 75CBD3CE19FBB8F800686774 /* icon_fieldfilled.png */; };
		75CBD3D219FBB8F800686774 /* button_checkboxfilled.png in Resources */ = {isa = PBXBuildFile; fileRef = 75CBD3CF19FBB8F800686774 /* button_checkboxfilled.png */; };
		75CBD3D519FBC3B100686774 /* EmergencyViewController.m in Sources */ = {isa = PBXBuildFile; fileRef = 75CBD3D419FBC3B100686774 /* EmergencyViewController.m */; };
		75CBD3DB19FBE30900686774 /* MGSwipeButton.m in Sources */ = {isa = PBXBuildFile; fileRef = 75CBD3D819FBE30900686774 /* MGSwipeButton.m */; };
		75CBD3DC19FBE30900686774 /* MGSwipeTableCell.m in Sources */ = {isa = PBXBuildFile; fileRef = 75CBD3DA19FBE30900686774 /* MGSwipeTableCell.m */; };
		75CBD3DF19FBE85E00686774 /* button_delete@2x.png in Resources */ = {isa = PBXBuildFile; fileRef = 75CBD3DD19FBE85E00686774 /* button_delete@2x.png */; };
		75CBD3E019FBE85E00686774 /* button_move@2x.png in Resources */ = {isa = PBXBuildFile; fileRef = 75CBD3DE19FBE85E00686774 /* button_move@2x.png */; };
		75CBD3E319FBE8AC00686774 /* button_move.png in Resources */ = {isa = PBXBuildFile; fileRef = 75CBD3E119FBE8AC00686774 /* button_move.png */; };
		75CBD3E419FBE8AC00686774 /* button_delete.png in Resources */ = {isa = PBXBuildFile; fileRef = 75CBD3E219FBE8AC00686774 /* button_delete.png */; };
		75CBD3E619FBF3D200686774 /* button_plus.png in Resources */ = {isa = PBXBuildFile; fileRef = 75CBD3E519FBF3D200686774 /* button_plus.png */; };
		75CBD3E919FBF59D00686774 /* AddDocumentsViewController.m in Sources */ = {isa = PBXBuildFile; fileRef = 75CBD3E819FBF59D00686774 /* AddDocumentsViewController.m */; };
		75CBD3EC19FBF75E00686774 /* icon_connectmiddle.png in Resources */ = {isa = PBXBuildFile; fileRef = 75CBD3EA19FBF75E00686774 /* icon_connectmiddle.png */; };
		75CBD3ED19FBF75E00686774 /* icon_connecttop.png in Resources */ = {isa = PBXBuildFile; fileRef = 75CBD3EB19FBF75E00686774 /* icon_connecttop.png */; };
		75CBD3F119FBF92900686774 /* AddDocCustomCell.m in Sources */ = {isa = PBXBuildFile; fileRef = 75CBD3EF19FBF92900686774 /* AddDocCustomCell.m */; };
		75CBD3F219FBF92900686774 /* AddDocCustomCell.xib in Resources */ = {isa = PBXBuildFile; fileRef = 75CBD3F019FBF92900686774 /* AddDocCustomCell.xib */; };
		75CBD3F419FBF99000686774 /* icon_file@2x.png in Resources */ = {isa = PBXBuildFile; fileRef = 75CBD3F319FBF99000686774 /* icon_file@2x.png */; };
		75CBD3F619FBF9DE00686774 /* icon_file.png in Resources */ = {isa = PBXBuildFile; fileRef = 75CBD3F519FBF9DE00686774 /* icon_file.png */; };
		75CBD3F819FBFCC300686774 /* button_share.png in Resources */ = {isa = PBXBuildFile; fileRef = 75CBD3F719FBFCC300686774 /* button_share.png */; };
		75CBD3FB19FBFD4400686774 /* ShareViewController.m in Sources */ = {isa = PBXBuildFile; fileRef = 75CBD3FA19FBFD4400686774 /* ShareViewController.m */; };
		75CBD40219FC07BC00686774 /* ShareCustomCell.m in Sources */ = {isa = PBXBuildFile; fileRef = 75CBD40019FC07BC00686774 /* ShareCustomCell.m */; };
		75CBD40319FC07BC00686774 /* ShareCustomCell.xib in Resources */ = {isa = PBXBuildFile; fileRef = 75CBD40119FC07BC00686774 /* ShareCustomCell.xib */; };
		75CBD40819FC094F00686774 /* icon_connectonedrive.png in Resources */ = {isa = PBXBuildFile; fileRef = 75CBD40419FC094F00686774 /* icon_connectonedrive.png */; };
		75CBD40919FC094F00686774 /* icon_connectdropbox.png in Resources */ = {isa = PBXBuildFile; fileRef = 75CBD40519FC094F00686774 /* icon_connectdropbox.png */; };
		75CBD40A19FC094F00686774 /* icon_connectg+.png in Resources */ = {isa = PBXBuildFile; fileRef = 75CBD40619FC094F00686774 /* icon_connectg+.png */; };
		75CBD40B19FC094F00686774 /* icon_connecticloud.png in Resources */ = {isa = PBXBuildFile; fileRef = 75CBD40719FC094F00686774 /* icon_connecticloud.png */; };
		75CBD40D19FC0FD100686774 /* icon_favorite_nactive.png in Resources */ = {isa = PBXBuildFile; fileRef = 75CBD40C19FC0FD100686774 /* icon_favorite_nactive.png */; };
		75CBD41019FC113200686774 /* GloblaSearchViewController.m in Sources */ = {isa = PBXBuildFile; fileRef = 75CBD40F19FC113200686774 /* GloblaSearchViewController.m */; };
/* End PBXBuildFile section */

/* Begin PBXContainerItemProxy section */
		7528482F19F2354B0016F54F /* PBXContainerItemProxy */ = {
			isa = PBXContainerItemProxy;
			containerPortal = 7528480A19F2354B0016F54F /* Project object */;
			proxyType = 1;
			remoteGlobalIDString = 7528481119F2354B0016F54F;
			remoteInfo = MyHealth;
		};
/* End PBXContainerItemProxy section */

/* Begin PBXFileReference section */
		752644E919F6060200B67525 /* DoctorProfileCustomCell.h */ = {isa = PBXFileReference; fileEncoding = 4; lastKnownFileType = sourcecode.c.h; name = DoctorProfileCustomCell.h; path = ../ViewControllers/DoctorProfileCustomCell.h; sourceTree = "<group>"; };
		752644EA19F6060200B67525 /* DoctorProfileCustomCell.m */ = {isa = PBXFileReference; fileEncoding = 4; lastKnownFileType = sourcecode.c.objc; name = DoctorProfileCustomCell.m; path = ../ViewControllers/DoctorProfileCustomCell.m; sourceTree = "<group>"; };
		752644EB19F6060200B67525 /* DoctorProfileCustomCell.xib */ = {isa = PBXFileReference; fileEncoding = 4; lastKnownFileType = file.xib; name = DoctorProfileCustomCell.xib; path = ../ViewControllers/DoctorProfileCustomCell.xib; sourceTree = "<group>"; };
		752644EE19F608F900B67525 /* DoctorProfileHeaderView.xib */ = {isa = PBXFileReference; fileEncoding = 4; lastKnownFileType = file.xib; path = DoctorProfileHeaderView.xib; sourceTree = "<group>"; };
		7528481219F2354B0016F54F /* MyHealth.app */ = {isa = PBXFileReference; explicitFileType = wrapper.application; includeInIndex = 0; path = MyHealth.app; sourceTree = BUILT_PRODUCTS_DIR; };
		7528481619F2354B0016F54F /* Info.plist */ = {isa = PBXFileReference; lastKnownFileType = text.plist.xml; path = Info.plist; sourceTree = "<group>"; };
		7528481719F2354B0016F54F /* main.m */ = {isa = PBXFileReference; lastKnownFileType = sourcecode.c.objc; path = main.m; sourceTree = "<group>"; };
		7528481919F2354B0016F54F /* AppDelegate.h */ = {isa = PBXFileReference; lastKnownFileType = sourcecode.c.h; path = AppDelegate.h; sourceTree = "<group>"; };
		7528481A19F2354B0016F54F /* AppDelegate.m */ = {isa = PBXFileReference; lastKnownFileType = sourcecode.c.objc; path = AppDelegate.m; sourceTree = "<group>"; };
		7528481D19F2354B0016F54F /* MyHealth.xcdatamodel */ = {isa = PBXFileReference; lastKnownFileType = wrapper.xcdatamodel; path = MyHealth.xcdatamodel; sourceTree = "<group>"; };
		7528482319F2354B0016F54F /* Base */ = {isa = PBXFileReference; lastKnownFileType = file.storyboard; name = Base; path = Base.lproj/Main.storyboard; sourceTree = "<group>"; };
		7528482519F2354B0016F54F /* Images.xcassets */ = {isa = PBXFileReference; lastKnownFileType = folder.assetcatalog; path = Images.xcassets; sourceTree = "<group>"; };
		7528482819F2354B0016F54F /* Base */ = {isa = PBXFileReference; lastKnownFileType = file.xib; name = Base; path = Base.lproj/LaunchScreen.xib; sourceTree = "<group>"; };
		7528482E19F2354B0016F54F /* MyHealthTests.xctest */ = {isa = PBXFileReference; explicitFileType = wrapper.cfbundle; includeInIndex = 0; path = MyHealthTests.xctest; sourceTree = BUILT_PRODUCTS_DIR; };
		7528483319F2354B0016F54F /* Info.plist */ = {isa = PBXFileReference; lastKnownFileType = text.plist.xml; path = Info.plist; sourceTree = "<group>"; };
		7528483419F2354B0016F54F /* MyHealthTests.m */ = {isa = PBXFileReference; lastKnownFileType = sourcecode.c.objc; path = MyHealthTests.m; sourceTree = "<group>"; };
		7528483E19F237370016F54F /* HomeViewController.h */ = {isa = PBXFileReference; fileEncoding = 4; lastKnownFileType = sourcecode.c.h; name = HomeViewController.h; path = ../HomeViewController.h; sourceTree = "<group>"; };
		7528483F19F237370016F54F /* HomeViewController.m */ = {isa = PBXFileReference; fileEncoding = 4; lastKnownFileType = sourcecode.c.objc; name = HomeViewController.m; path = ../HomeViewController.m; sourceTree = "<group>"; };
		7528484019F237370016F54F /* MenuCustomCollectionViewCell.h */ = {isa = PBXFileReference; fileEncoding = 4; lastKnownFileType = sourcecode.c.h; name = MenuCustomCollectionViewCell.h; path = ../MenuCustomCollectionViewCell.h; sourceTree = "<group>"; };
		7528484119F237370016F54F /* MenuCustomCollectionViewCell.m */ = {isa = PBXFileReference; fileEncoding = 4; lastKnownFileType = sourcecode.c.objc; name = MenuCustomCollectionViewCell.m; path = ../MenuCustomCollectionViewCell.m; sourceTree = "<group>"; };
		7528484219F237370016F54F /* MenuCustomCollectionViewCell.xib */ = {isa = PBXFileReference; fileEncoding = 4; lastKnownFileType = file.xib; name = MenuCustomCollectionViewCell.xib; path = ../MenuCustomCollectionViewCell.xib; sourceTree = "<group>"; };
		7528484A19F23CDF0016F54F /* bg.png */ = {isa = PBXFileReference; lastKnownFileType = image.png; path = bg.png; sourceTree = "<group>"; };
		7528484B19F23CDF0016F54F /* icon_header@2x.png */ = {isa = PBXFileReference; lastKnownFileType = image.png; path = "icon_header@2x.png"; sourceTree = "<group>"; };
		7528484E19F23CEA0016F54F /* button_globalsearch@2x.png */ = {isa = PBXFileReference; lastKnownFileType = image.png; path = "button_globalsearch@2x.png"; sourceTree = "<group>"; };
		7528484F19F23CEA0016F54F /* icon_doctordirectory@2x.png */ = {isa = PBXFileReference; lastKnownFileType = image.png; path = "icon_doctordirectory@2x.png"; sourceTree = "<group>"; };
		7528485019F23CEA0016F54F /* icon_headerlogo@2x.png */ = {isa = PBXFileReference; lastKnownFileType = image.png; path = "icon_headerlogo@2x.png"; sourceTree = "<group>"; };
		7528485119F23CEA0016F54F /* icon_medicaldocs@2x.png */ = {isa = PBXFileReference; lastKnownFileType = image.png; path = "icon_medicaldocs@2x.png"; sourceTree = "<group>"; };
		7528485219F23CEA0016F54F /* icon_medicalhistory@2x.png */ = {isa = PBXFileReference; lastKnownFileType = image.png; path = "icon_medicalhistory@2x.png"; sourceTree = "<group>"; };
		7528485319F23CEA0016F54F /* icon_menuseparator_i5@2x.png */ = {isa = PBXFileReference; lastKnownFileType = image.png; path = "icon_menuseparator_i5@2x.png"; sourceTree = "<group>"; };
		7528485419F23CEA0016F54F /* icon_separator@2x.png */ = {isa = PBXFileReference; lastKnownFileType = image.png; path = "icon_separator@2x.png"; sourceTree = "<group>"; };
		7528485519F23CEA0016F54F /* icon_settings@2x.png */ = {isa = PBXFileReference; lastKnownFileType = image.png; path = "icon_settings@2x.png"; sourceTree = "<group>"; };
		7528485E19F243000016F54F /* MedicalHistoryViewController.h */ = {isa = PBXFileReference; fileEncoding = 4; lastKnownFileType = sourcecode.c.h; name = MedicalHistoryViewController.h; path = ../MedicalHistoryViewController.h; sourceTree = "<group>"; };
		7528485F19F243000016F54F /* MedicalHistoryViewController.m */ = {isa = PBXFileReference; fileEncoding = 4; lastKnownFileType = sourcecode.c.objc; name = MedicalHistoryViewController.m; path = ../MedicalHistoryViewController.m; sourceTree = "<group>"; };
		7528486319F2498C0016F54F /* MedicalHistoryCustomCell.h */ = {isa = PBXFileReference; fileEncoding = 4; lastKnownFileType = sourcecode.c.h; path = MedicalHistoryCustomCell.h; sourceTree = "<group>"; };
		7528486419F2498C0016F54F /* MedicalHistoryCustomCell.m */ = {isa = PBXFileReference; fileEncoding = 4; lastKnownFileType = sourcecode.c.objc; path = MedicalHistoryCustomCell.m; sourceTree = "<group>"; };
		7528486519F2498C0016F54F /* MedicalHistoryCustomCell.xib */ = {isa = PBXFileReference; fileEncoding = 4; lastKnownFileType = file.xib; path = MedicalHistoryCustomCell.xib; sourceTree = "<group>"; };
		7528486919F24E180016F54F /* icon_doctorspecial_middle@2x.png */ = {isa = PBXFileReference; lastKnownFileType = image.png; path = "icon_doctorspecial_middle@2x.png"; sourceTree = "<group>"; };
		7528486B19F26D660016F54F /* button_commentnote@2x.png */ = {isa = PBXFileReference; lastKnownFileType = image.png; path = "button_commentnote@2x.png"; sourceTree = "<group>"; };
		7528486C19F26D660016F54F /* button_contact@2x.png */ = {isa = PBXFileReference; lastKnownFileType = image.png; path = "button_contact@2x.png"; sourceTree = "<group>"; };
		7528486D19F26D660016F54F /* button_pleaserate_full@2x.png */ = {isa = PBXFileReference; lastKnownFileType = image.png; path = "button_pleaserate_full@2x.png"; sourceTree = "<group>"; };
		7528486E19F26D660016F54F /* button_pleaserate_null@2x.png */ = {isa = PBXFileReference; lastKnownFileType = image.png; path = "button_pleaserate_null@2x.png"; sourceTree = "<group>"; };
		7528486F19F26D660016F54F /* button_recdir@2x.png */ = {isa = PBXFileReference; lastKnownFileType = image.png; path = "button_recdir@2x.png"; sourceTree = "<group>"; };
		7528487019F26D660016F54F /* icon_favorite_active@2x.png */ = {isa = PBXFileReference; lastKnownFileType = image.png; path = "icon_favorite_active@2x.png"; sourceTree = "<group>"; };
		7528487119F26D660016F54F /* icon_favorite_nactive@2x.png */ = {isa = PBXFileReference; lastKnownFileType = image.png; path = "icon_favorite_nactive@2x.png"; sourceTree = "<group>"; };
		7528487219F26D660016F54F /* icon_mydoctor_active@2x.png */ = {isa = PBXFileReference; lastKnownFileType = image.png; path = "icon_mydoctor_active@2x.png"; sourceTree = "<group>"; };
		7528487319F26D660016F54F /* icon_mydoctor_nactive@2x.png */ = {isa = PBXFileReference; lastKnownFileType = image.png; path = "icon_mydoctor_nactive@2x.png"; sourceTree = "<group>"; };
		7528487419F26D660016F54F /* icon_ratebg@2x.png */ = {isa = PBXFileReference; lastKnownFileType = image.png; path = "icon_ratebg@2x.png"; sourceTree = "<group>"; };
		7528487519F26D660016F54F /* icon_separator@2x.png */ = {isa = PBXFileReference; lastKnownFileType = image.png; path = "icon_separator@2x.png"; sourceTree = "<group>"; };
		7528487619F26D660016F54F /* icon_separatormynotes@2x.png */ = {isa = PBXFileReference; lastKnownFileType = image.png; path = "icon_separatormynotes@2x.png"; sourceTree = "<group>"; };
		7528488319F26D8C0016F54F /* button_back@2x.png */ = {isa = PBXFileReference; lastKnownFileType = image.png; path = "button_back@2x.png"; sourceTree = "<group>"; };
		7528488419F26D8C0016F54F /* button_search@2x.png */ = {isa = PBXFileReference; lastKnownFileType = image.png; path = "button_search@2x.png"; sourceTree = "<group>"; };
		7528488519F26D8C0016F54F /* button_searchdel@2x.png */ = {isa = PBXFileReference; lastKnownFileType = image.png; path = "button_searchdel@2x.png"; sourceTree = "<group>"; };
		7528488619F26D8C0016F54F /* icon_favoritedoctor@2x.png */ = {isa = PBXFileReference; lastKnownFileType = image.png; path = "icon_favoritedoctor@2x.png"; sourceTree = "<group>"; };
		7528488719F26D8C0016F54F /* icon_mydoctor@2x.png */ = {isa = PBXFileReference; lastKnownFileType = image.png; path = "icon_mydoctor@2x.png"; sourceTree = "<group>"; };
		7528488819F26D8C0016F54F /* icon_ratereg_full@2x.png */ = {isa = PBXFileReference; lastKnownFileType = image.png; path = "icon_ratereg_full@2x.png"; sourceTree = "<group>"; };
		7528488919F26D8C0016F54F /* icon_ratereg_half@2x.png */ = {isa = PBXFileReference; lastKnownFileType = image.png; path = "icon_ratereg_half@2x.png"; sourceTree = "<group>"; };
		7528488A19F26D8C0016F54F /* icon_ratereg_null@2x.png */ = {isa = PBXFileReference; lastKnownFileType = image.png; path = "icon_ratereg_null@2x.png"; sourceTree = "<group>"; };
		7528488B19F26D8C0016F54F /* icon_ratespec_full@2x.png */ = {isa = PBXFileReference; lastKnownFileType = image.png; path = "icon_ratespec_full@2x.png"; sourceTree = "<group>"; };
		7528488C19F26D8C0016F54F /* icon_ratespec_half@2x.png */ = {isa = PBXFileReference; lastKnownFileType = image.png; path = "icon_ratespec_half@2x.png"; sourceTree = "<group>"; };
		7528488D19F26D8C0016F54F /* icon_ratespec_null@2x.png */ = {isa = PBXFileReference; lastKnownFileType = image.png; path = "icon_ratespec_null@2x.png"; sourceTree = "<group>"; };
		7528488E19F26D8C0016F54F /* icon_searchseparator@2x.png */ = {isa = PBXFileReference; lastKnownFileType = image.png; path = "icon_searchseparator@2x.png"; sourceTree = "<group>"; };
		7528489B19F278C90016F54F /* DoctorHistoryTableViewCell.h */ = {isa = PBXFileReference; fileEncoding = 4; lastKnownFileType = sourcecode.c.h; name = DoctorHistoryTableViewCell.h; path = ../ViewControllers/DoctorHistoryTableViewCell.h; sourceTree = "<group>"; };
		7528489C19F278C90016F54F /* DoctorHistoryTableViewCell.m */ = {isa = PBXFileReference; fileEncoding = 4; lastKnownFileType = sourcecode.c.objc; name = DoctorHistoryTableViewCell.m; path = ../ViewControllers/DoctorHistoryTableViewCell.m; sourceTree = "<group>"; };
		7528489D19F278C90016F54F /* DoctorHistoryTableViewCell.xib */ = {isa = PBXFileReference; fileEncoding = 4; lastKnownFileType = file.xib; name = DoctorHistoryTableViewCell.xib; path = ../ViewControllers/DoctorHistoryTableViewCell.xib; sourceTree = "<group>"; };
		752848A319F2795B0016F54F /* DoctorHistoryViewController.h */ = {isa = PBXFileReference; fileEncoding = 4; lastKnownFileType = sourcecode.c.h; path = DoctorHistoryViewController.h; sourceTree = "<group>"; };
		752848A419F2795B0016F54F /* DoctorHistoryViewController.m */ = {isa = PBXFileReference; fileEncoding = 4; lastKnownFileType = sourcecode.c.objc; path = DoctorHistoryViewController.m; sourceTree = "<group>"; };
		752848A719F2822E0016F54F /* button_checkboxempty@2x.png */ = {isa = PBXFileReference; lastKnownFileType = image.png; path = "button_checkboxempty@2x.png"; sourceTree = "<group>"; };
		752848A819F2822E0016F54F /* button_checkboxfilled@2x.png */ = {isa = PBXFileReference; lastKnownFileType = image.png; path = "button_checkboxfilled@2x.png"; sourceTree = "<group>"; };
		752848A919F2822E0016F54F /* button_deselectall@2x.png */ = {isa = PBXFileReference; lastKnownFileType = image.png; path = "button_deselectall@2x.png"; sourceTree = "<group>"; };
		752848AA19F2822E0016F54F /* button_selectall@2x.png */ = {isa = PBXFileReference; lastKnownFileType = image.png; path = "button_selectall@2x.png"; sourceTree = "<group>"; };
		752848AB19F2822E0016F54F /* icon_fieldempty@2x.png */ = {isa = PBXFileReference; lastKnownFileType = image.png; path = "icon_fieldempty@2x.png"; sourceTree = "<group>"; };
		752848AC19F2822E0016F54F /* icon_fieldfilled@2x.png */ = {isa = PBXFileReference; lastKnownFileType = image.png; path = "icon_fieldfilled@2x.png"; sourceTree = "<group>"; };
		752848AD19F2822E0016F54F /* icon_folder@2x.png */ = {isa = PBXFileReference; lastKnownFileType = image.png; path = "icon_folder@2x.png"; sourceTree = "<group>"; };
		752848AE19F2822E0016F54F /* icon_folderseparator@2x.png */ = {isa = PBXFileReference; lastKnownFileType = image.png; path = "icon_folderseparator@2x.png"; sourceTree = "<group>"; };
		752848AF19F2822E0016F54F /* icon_selectall@2x.png */ = {isa = PBXFileReference; lastKnownFileType = image.png; path = "icon_selectall@2x.png"; sourceTree = "<group>"; };
		752848B019F2822E0016F54F /* icon_separator@2x.png */ = {isa = PBXFileReference; lastKnownFileType = image.png; path = "icon_separator@2x.png"; sourceTree = "<group>"; };
		752848BB19F2A84E0016F54F /* icon_doctordirectory.png */ = {isa = PBXFileReference; lastKnownFileType = image.png; path = icon_doctordirectory.png; sourceTree = "<group>"; };
		752848BC19F2A84E0016F54F /* icon_settings.png */ = {isa = PBXFileReference; lastKnownFileType = image.png; path = icon_settings.png; sourceTree = "<group>"; };
		752848BD19F2A84E0016F54F /* icon_medicalhistory.png */ = {isa = PBXFileReference; lastKnownFileType = image.png; path = icon_medicalhistory.png; sourceTree = "<group>"; };
		752848BE19F2A84E0016F54F /* icon_medicaldocs.png */ = {isa = PBXFileReference; lastKnownFileType = image.png; path = icon_medicaldocs.png; sourceTree = "<group>"; };
		752848C319F2B0ED0016F54F /* Splash_4.png */ = {isa = PBXFileReference; lastKnownFileType = image.png; path = Splash_4.png; sourceTree = "<group>"; };
		752848C419F2B0ED0016F54F /* Splash_5.png */ = {isa = PBXFileReference; lastKnownFileType = image.png; path = Splash_5.png; sourceTree = "<group>"; };
		752848C719F2B5FB0016F54F /* doctor.png */ = {isa = PBXFileReference; lastKnownFileType = image.png; path = doctor.png; sourceTree = "<group>"; };
		752848CA19F2B83C0016F54F /* Icon-29.png */ = {isa = PBXFileReference; lastKnownFileType = image.png; path = "Icon-29.png"; sourceTree = "<group>"; };
		752848CB19F2B83C0016F54F /* Icon-29@2x.png */ = {isa = PBXFileReference; lastKnownFileType = image.png; path = "Icon-29@2x.png"; sourceTree = "<group>"; };
		752848CC19F2B83C0016F54F /* Icon-40.png */ = {isa = PBXFileReference; lastKnownFileType = image.png; path = "Icon-40.png"; sourceTree = "<group>"; };
		752848CD19F2B83C0016F54F /* Icon-40@2x.png */ = {isa = PBXFileReference; lastKnownFileType = image.png; path = "Icon-40@2x.png"; sourceTree = "<group>"; };
		752848CE19F2B83C0016F54F /* Icon-60.png */ = {isa = PBXFileReference; lastKnownFileType = image.png; path = "Icon-60.png"; sourceTree = "<group>"; };
		752848CF19F2B83C0016F54F /* Icon-60@2x.png */ = {isa = PBXFileReference; lastKnownFileType = image.png; path = "Icon-60@2x.png"; sourceTree = "<group>"; };
		752848D019F2B83C0016F54F /* Icon.png */ = {isa = PBXFileReference; lastKnownFileType = image.png; path = Icon.png; sourceTree = "<group>"; };
		752848D119F2B83C0016F54F /* Icon@2x.png */ = {isa = PBXFileReference; lastKnownFileType = image.png; path = "Icon@2x.png"; sourceTree = "<group>"; };
		75ADA07A19F6B88C00BA3E44 /* DoctorProfileHeaderView.h */ = {isa = PBXFileReference; fileEncoding = 4; lastKnownFileType = sourcecode.c.h; path = DoctorProfileHeaderView.h; sourceTree = "<group>"; };
		75ADA07B19F6B88C00BA3E44 /* DoctorProfileHeaderView.m */ = {isa = PBXFileReference; fileEncoding = 4; lastKnownFileType = sourcecode.c.objc; path = DoctorProfileHeaderView.m; sourceTree = "<group>"; };
		75ADA07D19F6B9AF00BA3E44 /* DoctorProfileFooterView.h */ = {isa = PBXFileReference; fileEncoding = 4; lastKnownFileType = sourcecode.c.h; path = DoctorProfileFooterView.h; sourceTree = "<group>"; };
		75ADA07E19F6B9AF00BA3E44 /* DoctorProfileFooterView.m */ = {isa = PBXFileReference; fileEncoding = 4; lastKnownFileType = sourcecode.c.objc; path = DoctorProfileFooterView.m; sourceTree = "<group>"; };
		75ADA08019F6B9BE00BA3E44 /* DoctorProfileFooterView.xib */ = {isa = PBXFileReference; fileEncoding = 4; lastKnownFileType = file.xib; path = DoctorProfileFooterView.xib; sourceTree = "<group>"; };
		75ADA08219F6C08500BA3E44 /* icon_doctorspecial@2x.png */ = {isa = PBXFileReference; lastKnownFileType = image.png; path = "icon_doctorspecial@2x.png"; sourceTree = "<group>"; };
		75ADA08419F6CCE100BA3E44 /* button_contact@2x.png */ = {isa = PBXFileReference; lastKnownFileType = image.png; path = "button_contact@2x.png"; sourceTree = "<group>"; };
		75ADA08619F6CD8F00BA3E44 /* button_recdir@2x.png */ = {isa = PBXFileReference; lastKnownFileType = image.png; path = "button_recdir@2x.png"; sourceTree = "<group>"; };
		75ADA08A19F6D03900BA3E44 /* doc.png */ = {isa = PBXFileReference; lastKnownFileType = image.png; path = doc.png; sourceTree = "<group>"; };
		75ADA08C19F6D2BB00BA3E44 /* DoctorEducationHistroyCell.h */ = {isa = PBXFileReference; fileEncoding = 4; lastKnownFileType = sourcecode.c.h; path = DoctorEducationHistroyCell.h; sourceTree = "<group>"; };
		75ADA08D19F6D2BB00BA3E44 /* DoctorEducationHistroyCell.m */ = {isa = PBXFileReference; fileEncoding = 4; lastKnownFileType = sourcecode.c.objc; path = DoctorEducationHistroyCell.m; sourceTree = "<group>"; };
		75ADA08E19F6D2BB00BA3E44 /* DoctorEducationHistroyCell.xib */ = {isa = PBXFileReference; fileEncoding = 4; lastKnownFileType = file.xib; path = DoctorEducationHistroyCell.xib; sourceTree = "<group>"; };
		75B351D219F8DC3200D02CDA /* DoctorCommentsCustomCell.h */ = {isa = PBXFileReference; fileEncoding = 4; lastKnownFileType = sourcecode.c.h; path = DoctorCommentsCustomCell.h; sourceTree = "<group>"; };
		75B351D319F8DC3200D02CDA /* DoctorCommentsCustomCell.m */ = {isa = PBXFileReference; fileEncoding = 4; lastKnownFileType = sourcecode.c.objc; path = DoctorCommentsCustomCell.m; sourceTree = "<group>"; };
		75B351D419F8DC3200D02CDA /* DoctorCommentsCustomCell.xib */ = {isa = PBXFileReference; fileEncoding = 4; lastKnownFileType = file.xib; path = DoctorCommentsCustomCell.xib; sourceTree = "<group>"; };
		75B351D719F8E0B300D02CDA /* DoctorNotesCustomCell.h */ = {isa = PBXFileReference; fileEncoding = 4; lastKnownFileType = sourcecode.c.h; path = DoctorNotesCustomCell.h; sourceTree = "<group>"; };
		75B351D819F8E0B300D02CDA /* DoctorNotesCustomCell.m */ = {isa = PBXFileReference; fileEncoding = 4; lastKnownFileType = sourcecode.c.objc; path = DoctorNotesCustomCell.m; sourceTree = "<group>"; };
		75B351D919F8E0B300D02CDA /* DoctorNotesCustomCell.xib */ = {isa = PBXFileReference; fileEncoding = 4; lastKnownFileType = file.xib; path = DoctorNotesCustomCell.xib; sourceTree = "<group>"; };
		75B351DC19F8EDC200D02CDA /* james.jpg */ = {isa = PBXFileReference; lastKnownFileType = image.jpeg; path = james.jpg; sourceTree = "<group>"; };
		75B351DE19F8FA7600D02CDA /* icon_stetho.png */ = {isa = PBXFileReference; lastKnownFileType = image.png; path = icon_stetho.png; sourceTree = "<group>"; };
		75B351DF19F8FA7600D02CDA /* icon_stetho@2x.png */ = {isa = PBXFileReference; lastKnownFileType = image.png; path = "icon_stetho@2x.png"; sourceTree = "<group>"; };
		75B351E219F901B000D02CDA /* icon_edu@2x 2.png */ = {isa = PBXFileReference; lastKnownFileType = image.png; path = "icon_edu@2x 2.png"; sourceTree = "<group>"; };
		75B351E319F901B000D02CDA /* icon_edu.png */ = {isa = PBXFileReference; lastKnownFileType = image.png; path = icon_edu.png; sourceTree = "<group>"; };
		75B351E619F9132500D02CDA /* icon_separatormynotes@2x.png */ = {isa = PBXFileReference; lastKnownFileType = image.png; path = "icon_separatormynotes@2x.png"; sourceTree = "<group>"; };
		75B351EC19F9201400D02CDA /* MedicalDocumentsViewController.h */ = {isa = PBXFileReference; fileEncoding = 4; lastKnownFileType = sourcecode.c.h; path = MedicalDocumentsViewController.h; sourceTree = "<group>"; };
		75B351ED19F9201400D02CDA /* MedicalDocumentsViewController.m */ = {isa = PBXFileReference; fileEncoding = 4; lastKnownFileType = sourcecode.c.objc; path = MedicalDocumentsViewController.m; sourceTree = "<group>"; };
		75B351EF19F923C400D02CDA /* MedicalDocumentsCustomCell.h */ = {isa = PBXFileReference; fileEncoding = 4; lastKnownFileType = sourcecode.c.h; path = MedicalDocumentsCustomCell.h; sourceTree = "<group>"; };
		75B351F019F923C400D02CDA /* MedicalDocumentsCustomCell.m */ = {isa = PBXFileReference; fileEncoding = 4; lastKnownFileType = sourcecode.c.objc; path = MedicalDocumentsCustomCell.m; sourceTree = "<group>"; };
		75B351F119F923C400D02CDA /* MedicalDocumentsCustomCell.xib */ = {isa = PBXFileReference; fileEncoding = 4; lastKnownFileType = file.xib; path = MedicalDocumentsCustomCell.xib; sourceTree = "<group>"; };
		75B351F519F9254600D02CDA /* button_add@2x.png */ = {isa = PBXFileReference; lastKnownFileType = image.png; path = "button_add@2x.png"; sourceTree = "<group>"; };
		75B351F619F9254600D02CDA /* button_delete@2x.png */ = {isa = PBXFileReference; lastKnownFileType = image.png; path = "button_delete@2x.png"; sourceTree = "<group>"; };
		75B351F719F9254600D02CDA /* button_move@2x.png */ = {isa = PBXFileReference; lastKnownFileType = image.png; path = "button_move@2x.png"; sourceTree = "<group>"; };
		75B351F819F9254600D02CDA /* button_plus@2x.png */ = {isa = PBXFileReference; lastKnownFileType = image.png; path = "button_plus@2x.png"; sourceTree = "<group>"; };
		75B351F919F9254600D02CDA /* button_share@2x.png */ = {isa = PBXFileReference; lastKnownFileType = image.png; path = "button_share@2x.png"; sourceTree = "<group>"; };
		75B351FA19F9254600D02CDA /* icon_connectdropbox@2x.png */ = {isa = PBXFileReference; lastKnownFileType = image.png; path = "icon_connectdropbox@2x.png"; sourceTree = "<group>"; };
		75B351FB19F9254600D02CDA /* icon_connectg+@2x.png */ = {isa = PBXFileReference; lastKnownFileType = image.png; path = "icon_connectg+@2x.png"; sourceTree = "<group>"; };
		75B351FC19F9254600D02CDA /* icon_connecticloud@2x.png */ = {isa = PBXFileReference; lastKnownFileType = image.png; path = "icon_connecticloud@2x.png"; sourceTree = "<group>"; };
		75B351FD19F9254600D02CDA /* icon_connectlogo@2x.png */ = {isa = PBXFileReference; lastKnownFileType = image.png; path = "icon_connectlogo@2x.png"; sourceTree = "<group>"; };
		75B351FE19F9254600D02CDA /* icon_connectmiddle@2x.png */ = {isa = PBXFileReference; lastKnownFileType = image.png; path = "icon_connectmiddle@2x.png"; sourceTree = "<group>"; };
		75B351FF19F9254600D02CDA /* icon_connectonedrive@2x.png */ = {isa = PBXFileReference; lastKnownFileType = image.png; path = "icon_connectonedrive@2x.png"; sourceTree = "<group>"; };
		75B3520019F9254600D02CDA /* icon_connecttop@2x.png */ = {isa = PBXFileReference; lastKnownFileType = image.png; path = "icon_connecttop@2x.png"; sourceTree = "<group>"; };
		75B3520219F9254600D02CDA /* icon_doc.png */ = {isa = PBXFileReference; lastKnownFileType = image.png; path = icon_doc.png; sourceTree = "<group>"; };
		75B3520319F9254600D02CDA /* icon_image@2x.png */ = {isa = PBXFileReference; lastKnownFileType = image.png; path = "icon_image@2x.png"; sourceTree = "<group>"; };
		75B91EE619F5602200FDA7F4 /* DoctorProfileViewController.h */ = {isa = PBXFileReference; fileEncoding = 4; lastKnownFileType = sourcecode.c.h; path = DoctorProfileViewController.h; sourceTree = "<group>"; };
		75B91EE719F5602200FDA7F4 /* DoctorProfileViewController.m */ = {isa = PBXFileReference; fileEncoding = 4; lastKnownFileType = sourcecode.c.objc; path = DoctorProfileViewController.m; sourceTree = "<group>"; };
		75CBD3BB19FBA83100686774 /* SettingsViewController.h */ = {isa = PBXFileReference; fileEncoding = 4; lastKnownFileType = sourcecode.c.h; path = SettingsViewController.h; sourceTree = "<group>"; };
		75CBD3BC19FBA83100686774 /* SettingsViewController.m */ = {isa = PBXFileReference; fileEncoding = 4; lastKnownFileType = sourcecode.c.objc; path = SettingsViewController.m; sourceTree = "<group>"; };
		75CBD3BF19FBAD1E00686774 /* button_common.png */ = {isa = PBXFileReference; lastKnownFileType = image.png; path = button_common.png; sourceTree = "<group>"; };
		75CBD3C019FBAD1E00686774 /* button_common@2x.png */ = {isa = PBXFileReference; lastKnownFileType = image.png; path = "button_common@2x.png"; sourceTree = "<group>"; };
		75CBD3C319FBAFCA00686774 /* icon_connectlogo@2x.png */ = {isa = PBXFileReference; lastKnownFileType = image.png; path = "icon_connectlogo@2x.png"; sourceTree = "<group>"; };
		75CBD3C519FBB01800686774 /* icon_connectlogo.png */ = {isa = PBXFileReference; lastKnownFileType = image.png; path = icon_connectlogo.png; sourceTree = "<group>"; };
		75CBD3C719FBB87D00686774 /* button_checkboxfilled@2x.png */ = {isa = PBXFileReference; lastKnownFileType = image.png; path = "button_checkboxfilled@2x.png"; sourceTree = "<group>"; };
		75CBD3C819FBB87D00686774 /* icon_fieldempty@2x.png */ = {isa = PBXFileReference; lastKnownFileType = image.png; path = "icon_fieldempty@2x.png"; sourceTree = "<group>"; };
		75CBD3C919FBB87D00686774 /* icon_fieldfilled@2x.png */ = {isa = PBXFileReference; lastKnownFileType = image.png; path = "icon_fieldfilled@2x.png"; sourceTree = "<group>"; };
		75CBD3CD19FBB8F800686774 /* icon_fieldempty.png */ = {isa = PBXFileReference; lastKnownFileType = image.png; path = icon_fieldempty.png; sourceTree = "<group>"; };
		75CBD3CE19FBB8F800686774 /* icon_fieldfilled.png */ = {isa = PBXFileReference; lastKnownFileType = image.png; path = icon_fieldfilled.png; sourceTree = "<group>"; };
		75CBD3CF19FBB8F800686774 /* button_checkboxfilled.png */ = {isa = PBXFileReference; lastKnownFileType = image.png; path = button_checkboxfilled.png; sourceTree = "<group>"; };
		75CBD3D319FBC3B100686774 /* EmergencyViewController.h */ = {isa = PBXFileReference; fileEncoding = 4; lastKnownFileType = sourcecode.c.h; path = EmergencyViewController.h; sourceTree = "<group>"; };
		75CBD3D419FBC3B100686774 /* EmergencyViewController.m */ = {isa = PBXFileReference; fileEncoding = 4; lastKnownFileType = sourcecode.c.objc; path = EmergencyViewController.m; sourceTree = "<group>"; };
		75CBD3D719FBE30900686774 /* MGSwipeButton.h */ = {isa = PBXFileReference; fileEncoding = 4; lastKnownFileType = sourcecode.c.h; path = MGSwipeButton.h; sourceTree = "<group>"; };
		75CBD3D819FBE30900686774 /* MGSwipeButton.m */ = {isa = PBXFileReference; fileEncoding = 4; lastKnownFileType = sourcecode.c.objc; path = MGSwipeButton.m; sourceTree = "<group>"; };
		75CBD3D919FBE30900686774 /* MGSwipeTableCell.h */ = {isa = PBXFileReference; fileEncoding = 4; lastKnownFileType = sourcecode.c.h; path = MGSwipeTableCell.h; sourceTree = "<group>"; };
		75CBD3DA19FBE30900686774 /* MGSwipeTableCell.m */ = {isa = PBXFileReference; fileEncoding = 4; lastKnownFileType = sourcecode.c.objc; path = MGSwipeTableCell.m; sourceTree = "<group>"; };
		75CBD3DD19FBE85E00686774 /* button_delete@2x.png */ = {isa = PBXFileReference; lastKnownFileType = image.png; path = "button_delete@2x.png"; sourceTree = "<group>"; };
		75CBD3DE19FBE85E00686774 /* button_move@2x.png */ = {isa = PBXFileReference; lastKnownFileType = image.png; path = "button_move@2x.png"; sourceTree = "<group>"; };
		75CBD3E119FBE8AC00686774 /* button_move.png */ = {isa = PBXFileReference; lastKnownFileType = image.png; path = button_move.png; sourceTree = "<group>"; };
		75CBD3E219FBE8AC00686774 /* button_delete.png */ = {isa = PBXFileReference; lastKnownFileType = image.png; path = button_delete.png; sourceTree = "<group>"; };
		75CBD3E519FBF3D200686774 /* button_plus.png */ = {isa = PBXFileReference; lastKnownFileType = image.png; path = button_plus.png; sourceTree = "<group>"; };
		75CBD3E719FBF59D00686774 /* AddDocumentsViewController.h */ = {isa = PBXFileReference; fileEncoding = 4; lastKnownFileType = sourcecode.c.h; path = AddDocumentsViewController.h; sourceTree = "<group>"; };
		75CBD3E819FBF59D00686774 /* AddDocumentsViewController.m */ = {isa = PBXFileReference; fileEncoding = 4; lastKnownFileType = sourcecode.c.objc; path = AddDocumentsViewController.m; sourceTree = "<group>"; };
		75CBD3EA19FBF75E00686774 /* icon_connectmiddle.png */ = {isa = PBXFileReference; lastKnownFileType = image.png; path = icon_connectmiddle.png; sourceTree = "<group>"; };
		75CBD3EB19FBF75E00686774 /* icon_connecttop.png */ = {isa = PBXFileReference; lastKnownFileType = image.png; path = icon_connecttop.png; sourceTree = "<group>"; };
		75CBD3EE19FBF92900686774 /* AddDocCustomCell.h */ = {isa = PBXFileReference; fileEncoding = 4; lastKnownFileType = sourcecode.c.h; path = AddDocCustomCell.h; sourceTree = "<group>"; };
		75CBD3EF19FBF92900686774 /* AddDocCustomCell.m */ = {isa = PBXFileReference; fileEncoding = 4; lastKnownFileType = sourcecode.c.objc; path = AddDocCustomCell.m; sourceTree = "<group>"; };
		75CBD3F019FBF92900686774 /* AddDocCustomCell.xib */ = {isa = PBXFileReference; fileEncoding = 4; lastKnownFileType = file.xib; path = AddDocCustomCell.xib; sourceTree = "<group>"; };
		75CBD3F319FBF99000686774 /* icon_file@2x.png */ = {isa = PBXFileReference; lastKnownFileType = image.png; path = "icon_file@2x.png"; sourceTree = "<group>"; };
		75CBD3F519FBF9DE00686774 /* icon_file.png */ = {isa = PBXFileReference; lastKnownFileType = image.png; path = icon_file.png; sourceTree = "<group>"; };
		75CBD3F719FBFCC300686774 /* button_share.png */ = {isa = PBXFileReference; lastKnownFileType = image.png; path = button_share.png; sourceTree = "<group>"; };
		75CBD3F919FBFD4400686774 /* ShareViewController.h */ = {isa = PBXFileReference; fileEncoding = 4; lastKnownFileType = sourcecode.c.h; path = ShareViewController.h; sourceTree = "<group>"; };
		75CBD3FA19FBFD4400686774 /* ShareViewController.m */ = {isa = PBXFileReference; fileEncoding = 4; lastKnownFileType = sourcecode.c.objc; path = ShareViewController.m; sourceTree = "<group>"; };
		75CBD3FF19FC07BC00686774 /* ShareCustomCell.h */ = {isa = PBXFileReference; fileEncoding = 4; lastKnownFileType = sourcecode.c.h; path = ShareCustomCell.h; sourceTree = "<group>"; };
		75CBD40019FC07BC00686774 /* ShareCustomCell.m */ = {isa = PBXFileReference; fileEncoding = 4; lastKnownFileType = sourcecode.c.objc; path = ShareCustomCell.m; sourceTree = "<group>"; };
		75CBD40119FC07BC00686774 /* ShareCustomCell.xib */ = {isa = PBXFileReference; fileEncoding = 4; lastKnownFileType = file.xib; path = ShareCustomCell.xib; sourceTree = "<group>"; };
		75CBD40419FC094F00686774 /* icon_connectonedrive.png */ = {isa = PBXFileReference; lastKnownFileType = image.png; path = icon_connectonedrive.png; sourceTree = "<group>"; };
		75CBD40519FC094F00686774 /* icon_connectdropbox.png */ = {isa = PBXFileReference; lastKnownFileType = image.png; path = icon_connectdropbox.png; sourceTree = "<group>"; };
		75CBD40619FC094F00686774 /* icon_connectg+.png */ = {isa = PBXFileReference; lastKnownFileType = image.png; path = "icon_connectg+.png"; sourceTree = "<group>"; };
		75CBD40719FC094F00686774 /* icon_connecticloud.png */ = {isa = PBXFileReference; lastKnownFileType = image.png; path = icon_connecticloud.png; sourceTree = "<group>"; };
		75CBD40C19FC0FD100686774 /* icon_favorite_nactive.png */ = {isa = PBXFileReference; lastKnownFileType = image.png; path = icon_favorite_nactive.png; sourceTree = "<group>"; };
		75CBD40E19FC113200686774 /* GloblaSearchViewController.h */ = {isa = PBXFileReference; fileEncoding = 4; lastKnownFileType = sourcecode.c.h; path = GloblaSearchViewController.h; sourceTree = "<group>"; };
		75CBD40F19FC113200686774 /* GloblaSearchViewController.m */ = {isa = PBXFileReference; fileEncoding = 4; lastKnownFileType = sourcecode.c.objc; path = GloblaSearchViewController.m; sourceTree = "<group>"; };
		7B8C5E22FBDC5BFD208D8D52 /* libPods.a */ = {isa = PBXFileReference; explicitFileType = archive.ar; includeInIndex = 0; path = libPods.a; sourceTree = BUILT_PRODUCTS_DIR; };
		B2FBCF72415EE02F8ECC0B81 /* Pods.debug.xcconfig */ = {isa = PBXFileReference; includeInIndex = 1; lastKnownFileType = text.xcconfig; name = Pods.debug.xcconfig; path = "Pods/Target Support Files/Pods/Pods.debug.xcconfig"; sourceTree = "<group>"; };
		D1643A5D5254EE71D3BABD40 /* Pods.release.xcconfig */ = {isa = PBXFileReference; includeInIndex = 1; lastKnownFileType = text.xcconfig; name = Pods.release.xcconfig; path = "Pods/Target Support Files/Pods/Pods.release.xcconfig"; sourceTree = "<group>"; };
/* End PBXFileReference section */

/* Begin PBXFrameworksBuildPhase section */
		7528480F19F2354B0016F54F /* Frameworks */ = {
			isa = PBXFrameworksBuildPhase;
			buildActionMask = 2147483647;
			files = (
				2FF3A13AC64BF7A56E1B2BEB /* libPods.a in Frameworks */,
			);
			runOnlyForDeploymentPostprocessing = 0;
		};
		7528482B19F2354B0016F54F /* Frameworks */ = {
			isa = PBXFrameworksBuildPhase;
			buildActionMask = 2147483647;
			files = (
			);
			runOnlyForDeploymentPostprocessing = 0;
		};
/* End PBXFrameworksBuildPhase section */

/* Begin PBXGroup section */
		097CBACA327BFEF0C5838598 /* Pods */ = {
			isa = PBXGroup;
			children = (
				B2FBCF72415EE02F8ECC0B81 /* Pods.debug.xcconfig */,
				D1643A5D5254EE71D3BABD40 /* Pods.release.xcconfig */,
			);
			name = Pods;
			sourceTree = "<group>";
		};
		7528480919F2354B0016F54F = {
			isa = PBXGroup;
			children = (
				7528481419F2354B0016F54F /* MyHealth */,
				7528483119F2354B0016F54F /* MyHealthTests */,
				7528481319F2354B0016F54F /* Products */,
				097CBACA327BFEF0C5838598 /* Pods */,
				8EB29941551C4B68755BE50E /* Frameworks */,
			);
			sourceTree = "<group>";
		};
		7528481319F2354B0016F54F /* Products */ = {
			isa = PBXGroup;
			children = (
				7528481219F2354B0016F54F /* MyHealth.app */,
				7528482E19F2354B0016F54F /* MyHealthTests.xctest */,
			);
			name = Products;
			sourceTree = "<group>";
		};
		7528481419F2354B0016F54F /* MyHealth */ = {
			isa = PBXGroup;
			children = (
				75CBD3D619FBE2FB00686774 /* Thrid Party */,
				7528484819F23CCD0016F54F /* Images */,
				7528486219F249250016F54F /* CustomCells */,
				7528486119F2491E0016F54F /* ViewControllers */,
				7528481919F2354B0016F54F /* AppDelegate.h */,
				7528481A19F2354B0016F54F /* AppDelegate.m */,
				7528482219F2354B0016F54F /* Main.storyboard */,
				7528482519F2354B0016F54F /* Images.xcassets */,
				7528482719F2354B0016F54F /* LaunchScreen.xib */,
				7528481C19F2354B0016F54F /* MyHealth.xcdatamodeld */,
				7528481519F2354B0016F54F /* Supporting Files */,
			);
			path = MyHealth;
			sourceTree = "<group>";
		};
		7528481519F2354B0016F54F /* Supporting Files */ = {
			isa = PBXGroup;
			children = (
				7528481619F2354B0016F54F /* Info.plist */,
				7528481719F2354B0016F54F /* main.m */,
			);
			name = "Supporting Files";
			sourceTree = "<group>";
		};
		7528483119F2354B0016F54F /* MyHealthTests */ = {
			isa = PBXGroup;
			children = (
				7528483419F2354B0016F54F /* MyHealthTests.m */,
				7528483219F2354B0016F54F /* Supporting Files */,
			);
			path = MyHealthTests;
			sourceTree = "<group>";
		};
		7528483219F2354B0016F54F /* Supporting Files */ = {
			isa = PBXGroup;
			children = (
				7528483319F2354B0016F54F /* Info.plist */,
			);
			name = "Supporting Files";
			sourceTree = "<group>";
		};
		7528484819F23CCD0016F54F /* Images */ = {
			isa = PBXGroup;
			children = (
				75CBD3BE19FBACD000686774 /* Settings */,
				75B351F419F9253900D02CDA /* Medical Documents */,
				752848C919F2B8170016F54F /* App Icons */,
				752848A619F282140016F54F /* Doctor History */,
				7528486819F24C760016F54F /* Medical History */,
				7528484919F23CCD0016F54F /* Home */,
			);
			path = Images;
			sourceTree = "<group>";
		};
		7528484919F23CCD0016F54F /* Home */ = {
			isa = PBXGroup;
			children = (
				752848C319F2B0ED0016F54F /* Splash_4.png */,
				752848C419F2B0ED0016F54F /* Splash_5.png */,
				7528484E19F23CEA0016F54F /* button_globalsearch@2x.png */,
				7528484F19F23CEA0016F54F /* icon_doctordirectory@2x.png */,
				7528485019F23CEA0016F54F /* icon_headerlogo@2x.png */,
				752848BB19F2A84E0016F54F /* icon_doctordirectory.png */,
				752848BC19F2A84E0016F54F /* icon_settings.png */,
				752848BD19F2A84E0016F54F /* icon_medicalhistory.png */,
				752848BE19F2A84E0016F54F /* icon_medicaldocs.png */,
				7528485119F23CEA0016F54F /* icon_medicaldocs@2x.png */,
				7528485219F23CEA0016F54F /* icon_medicalhistory@2x.png */,
				7528485319F23CEA0016F54F /* icon_menuseparator_i5@2x.png */,
				7528485419F23CEA0016F54F /* icon_separator@2x.png */,
				7528485519F23CEA0016F54F /* icon_settings@2x.png */,
				7528484A19F23CDF0016F54F /* bg.png */,
				7528484B19F23CDF0016F54F /* icon_header@2x.png */,
			);
			path = Home;
			sourceTree = "<group>";
		};
		7528486119F2491E0016F54F /* ViewControllers */ = {
			isa = PBXGroup;
			children = (
				75CBD3BB19FBA83100686774 /* SettingsViewController.h */,
				75CBD3BC19FBA83100686774 /* SettingsViewController.m */,
				75CBD3D319FBC3B100686774 /* EmergencyViewController.h */,
				75CBD3D419FBC3B100686774 /* EmergencyViewController.m */,
				7528483E19F237370016F54F /* HomeViewController.h */,
				7528483F19F237370016F54F /* HomeViewController.m */,
				7528485E19F243000016F54F /* MedicalHistoryViewController.h */,
				7528485F19F243000016F54F /* MedicalHistoryViewController.m */,
				752848A319F2795B0016F54F /* DoctorHistoryViewController.h */,
				752848A419F2795B0016F54F /* DoctorHistoryViewController.m */,
				75B91EE619F5602200FDA7F4 /* DoctorProfileViewController.h */,
				75B91EE719F5602200FDA7F4 /* DoctorProfileViewController.m */,
				75B351EC19F9201400D02CDA /* MedicalDocumentsViewController.h */,
				75B351ED19F9201400D02CDA /* MedicalDocumentsViewController.m */,
				75ADA07A19F6B88C00BA3E44 /* DoctorProfileHeaderView.h */,
				75ADA07B19F6B88C00BA3E44 /* DoctorProfileHeaderView.m */,
				752644EE19F608F900B67525 /* DoctorProfileHeaderView.xib */,
				75ADA07D19F6B9AF00BA3E44 /* DoctorProfileFooterView.h */,
				75ADA07E19F6B9AF00BA3E44 /* DoctorProfileFooterView.m */,
				75ADA08019F6B9BE00BA3E44 /* DoctorProfileFooterView.xib */,
				75CBD3E719FBF59D00686774 /* AddDocumentsViewController.h */,
				75CBD3E819FBF59D00686774 /* AddDocumentsViewController.m */,
				75CBD3F919FBFD4400686774 /* ShareViewController.h */,
				75CBD3FA19FBFD4400686774 /* ShareViewController.m */,
				75CBD40E19FC113200686774 /* GloblaSearchViewController.h */,
				75CBD40F19FC113200686774 /* GloblaSearchViewController.m */,
			);
			path = ViewControllers;
			sourceTree = "<group>";
		};
		7528486219F249250016F54F /* CustomCells */ = {
			isa = PBXGroup;
			children = (
				752644E919F6060200B67525 /* DoctorProfileCustomCell.h */,
				752644EA19F6060200B67525 /* DoctorProfileCustomCell.m */,
				752644EB19F6060200B67525 /* DoctorProfileCustomCell.xib */,
				7528484019F237370016F54F /* MenuCustomCollectionViewCell.h */,
				7528484119F237370016F54F /* MenuCustomCollectionViewCell.m */,
				7528484219F237370016F54F /* MenuCustomCollectionViewCell.xib */,
				7528486319F2498C0016F54F /* MedicalHistoryCustomCell.h */,
				7528486419F2498C0016F54F /* MedicalHistoryCustomCell.m */,
				7528486519F2498C0016F54F /* MedicalHistoryCustomCell.xib */,
				7528489B19F278C90016F54F /* DoctorHistoryTableViewCell.h */,
				7528489C19F278C90016F54F /* DoctorHistoryTableViewCell.m */,
				7528489D19F278C90016F54F /* DoctorHistoryTableViewCell.xib */,
				75ADA08C19F6D2BB00BA3E44 /* DoctorEducationHistroyCell.h */,
				75ADA08D19F6D2BB00BA3E44 /* DoctorEducationHistroyCell.m */,
				75ADA08E19F6D2BB00BA3E44 /* DoctorEducationHistroyCell.xib */,
				75B351D219F8DC3200D02CDA /* DoctorCommentsCustomCell.h */,
				75B351D319F8DC3200D02CDA /* DoctorCommentsCustomCell.m */,
				75B351D419F8DC3200D02CDA /* DoctorCommentsCustomCell.xib */,
				75B351D719F8E0B300D02CDA /* DoctorNotesCustomCell.h */,
				75B351D819F8E0B300D02CDA /* DoctorNotesCustomCell.m */,
				75B351D919F8E0B300D02CDA /* DoctorNotesCustomCell.xib */,
				75B351EF19F923C400D02CDA /* MedicalDocumentsCustomCell.h */,
				75B351F019F923C400D02CDA /* MedicalDocumentsCustomCell.m */,
				75B351F119F923C400D02CDA /* MedicalDocumentsCustomCell.xib */,
				75CBD3EE19FBF92900686774 /* AddDocCustomCell.h */,
				75CBD3EF19FBF92900686774 /* AddDocCustomCell.m */,
				75CBD3F019FBF92900686774 /* AddDocCustomCell.xib */,
				75CBD3FF19FC07BC00686774 /* ShareCustomCell.h */,
				75CBD40019FC07BC00686774 /* ShareCustomCell.m */,
				75CBD40119FC07BC00686774 /* ShareCustomCell.xib */,
			);
			path = CustomCells;
			sourceTree = "<group>";
		};
		7528486819F24C760016F54F /* Medical History */ = {
			isa = PBXGroup;
			children = (
				75CBD40C19FC0FD100686774 /* icon_favorite_nactive.png */,
				75CBD3E119FBE8AC00686774 /* button_move.png */,
				75CBD3E219FBE8AC00686774 /* button_delete.png */,
				75CBD3DD19FBE85E00686774 /* button_delete@2x.png */,
				75CBD3DE19FBE85E00686774 /* button_move@2x.png */,
				7528488319F26D8C0016F54F /* button_back@2x.png */,
				7528488419F26D8C0016F54F /* button_search@2x.png */,
				7528488519F26D8C0016F54F /* button_searchdel@2x.png */,
				7528488619F26D8C0016F54F /* icon_favoritedoctor@2x.png */,
				7528488719F26D8C0016F54F /* icon_mydoctor@2x.png */,
				7528488819F26D8C0016F54F /* icon_ratereg_full@2x.png */,
				7528488919F26D8C0016F54F /* icon_ratereg_half@2x.png */,
				7528488A19F26D8C0016F54F /* icon_ratereg_null@2x.png */,
				7528488B19F26D8C0016F54F /* icon_ratespec_full@2x.png */,
				7528488C19F26D8C0016F54F /* icon_ratespec_half@2x.png */,
				7528488D19F26D8C0016F54F /* icon_ratespec_null@2x.png */,
				7528488E19F26D8C0016F54F /* icon_searchseparator@2x.png */,
				7528486B19F26D660016F54F /* button_commentnote@2x.png */,
				7528486C19F26D660016F54F /* button_contact@2x.png */,
				7528486D19F26D660016F54F /* button_pleaserate_full@2x.png */,
				7528486E19F26D660016F54F /* button_pleaserate_null@2x.png */,
				7528486F19F26D660016F54F /* button_recdir@2x.png */,
				7528487019F26D660016F54F /* icon_favorite_active@2x.png */,
				7528487119F26D660016F54F /* icon_favorite_nactive@2x.png */,
				7528487219F26D660016F54F /* icon_mydoctor_active@2x.png */,
				7528487319F26D660016F54F /* icon_mydoctor_nactive@2x.png */,
				7528487419F26D660016F54F /* icon_ratebg@2x.png */,
				7528487519F26D660016F54F /* icon_separator@2x.png */,
				7528487619F26D660016F54F /* icon_separatormynotes@2x.png */,
				7528486919F24E180016F54F /* icon_doctorspecial_middle@2x.png */,
			);
			path = "Medical History";
			sourceTree = "<group>";
		};
		752848A619F282140016F54F /* Doctor History */ = {
			isa = PBXGroup;
			children = (
				75B351E619F9132500D02CDA /* icon_separatormynotes@2x.png */,
				75B351E219F901B000D02CDA /* icon_edu@2x 2.png */,
				75B351E319F901B000D02CDA /* icon_edu.png */,
				75B351DE19F8FA7600D02CDA /* icon_stetho.png */,
				75B351DF19F8FA7600D02CDA /* icon_stetho@2x.png */,
				75B351DC19F8EDC200D02CDA /* james.jpg */,
				75ADA08A19F6D03900BA3E44 /* doc.png */,
				75ADA08619F6CD8F00BA3E44 /* button_recdir@2x.png */,
				75ADA08419F6CCE100BA3E44 /* button_contact@2x.png */,
				75ADA08219F6C08500BA3E44 /* icon_doctorspecial@2x.png */,
				752848C719F2B5FB0016F54F /* doctor.png */,
				752848A719F2822E0016F54F /* button_checkboxempty@2x.png */,
				752848A819F2822E0016F54F /* button_checkboxfilled@2x.png */,
				752848A919F2822E0016F54F /* button_deselectall@2x.png */,
				752848AA19F2822E0016F54F /* button_selectall@2x.png */,
				752848AB19F2822E0016F54F /* icon_fieldempty@2x.png */,
				752848AC19F2822E0016F54F /* icon_fieldfilled@2x.png */,
				752848AD19F2822E0016F54F /* icon_folder@2x.png */,
				752848AE19F2822E0016F54F /* icon_folderseparator@2x.png */,
				752848AF19F2822E0016F54F /* icon_selectall@2x.png */,
				752848B019F2822E0016F54F /* icon_separator@2x.png */,
			);
			path = "Doctor History";
			sourceTree = "<group>";
		};
		752848C919F2B8170016F54F /* App Icons */ = {
			isa = PBXGroup;
			children = (
				752848CA19F2B83C0016F54F /* Icon-29.png */,
				752848CB19F2B83C0016F54F /* Icon-29@2x.png */,
				752848CC19F2B83C0016F54F /* Icon-40.png */,
				752848CD19F2B83C0016F54F /* Icon-40@2x.png */,
				752848CE19F2B83C0016F54F /* Icon-60.png */,
				752848CF19F2B83C0016F54F /* Icon-60@2x.png */,
				752848D019F2B83C0016F54F /* Icon.png */,
				752848D119F2B83C0016F54F /* Icon@2x.png */,
			);
			path = "App Icons";
			sourceTree = "<group>";
		};
		75B351F419F9253900D02CDA /* Medical Documents */ = {
			isa = PBXGroup;
			children = (
				75CBD40419FC094F00686774 /* icon_connectonedrive.png */,
				75CBD40519FC094F00686774 /* icon_connectdropbox.png */,
				75CBD40619FC094F00686774 /* icon_connectg+.png */,
				75CBD40719FC094F00686774 /* icon_connecticloud.png */,
				75CBD3F519FBF9DE00686774 /* icon_file.png */,
				75CBD3F319FBF99000686774 /* icon_file@2x.png */,
				75CBD3EB19FBF75E00686774 /* icon_connecttop.png */,
				75CBD3EA19FBF75E00686774 /* icon_connectmiddle.png */,
				75CBD3E519FBF3D200686774 /* button_plus.png */,
				75B351F519F9254600D02CDA /* button_add@2x.png */,
				75B351F619F9254600D02CDA /* button_delete@2x.png */,
				75B351F719F9254600D02CDA /* button_move@2x.png */,
				75B351F819F9254600D02CDA /* button_plus@2x.png */,
				75CBD3F719FBFCC300686774 /* button_share.png */,
				75B351F919F9254600D02CDA /* button_share@2x.png */,
				75B351FA19F9254600D02CDA /* icon_connectdropbox@2x.png */,
				75B351FB19F9254600D02CDA /* icon_connectg+@2x.png */,
				75B351FC19F9254600D02CDA /* icon_connecticloud@2x.png */,
				75B351FD19F9254600D02CDA /* icon_connectlogo@2x.png */,
				75B351FE19F9254600D02CDA /* icon_connectmiddle@2x.png */,
				75B351FF19F9254600D02CDA /* icon_connectonedrive@2x.png */,
				75B3520019F9254600D02CDA /* icon_connecttop@2x.png */,
				75B3520219F9254600D02CDA /* icon_doc.png */,
				75B3520319F9254600D02CDA /* icon_image@2x.png */,
			);
			path = "Medical Documents";
			sourceTree = "<group>";
		};
		75CBD3BE19FBACD000686774 /* Settings */ = {
			isa = PBXGroup;
			children = (
				75CBD3CD19FBB8F800686774 /* icon_fieldempty.png */,
				75CBD3CE19FBB8F800686774 /* icon_fieldfilled.png */,
				75CBD3CF19FBB8F800686774 /* button_checkboxfilled.png */,
				75CBD3C719FBB87D00686774 /* button_checkboxfilled@2x.png */,
				75CBD3C819FBB87D00686774 /* icon_fieldempty@2x.png */,
				75CBD3C919FBB87D00686774 /* icon_fieldfilled@2x.png */,
				75CBD3C319FBAFCA00686774 /* icon_connectlogo@2x.png */,
				75CBD3C519FBB01800686774 /* icon_connectlogo.png */,
				75CBD3BF19FBAD1E00686774 /* button_common.png */,
				75CBD3C019FBAD1E00686774 /* button_common@2x.png */,
			);
			path = Settings;
			sourceTree = "<group>";
		};
		75CBD3D619FBE2FB00686774 /* Thrid Party */ = {
			isa = PBXGroup;
			children = (
				75CBD3D719FBE30900686774 /* MGSwipeButton.h */,
				75CBD3D819FBE30900686774 /* MGSwipeButton.m */,
				75CBD3D919FBE30900686774 /* MGSwipeTableCell.h */,
				75CBD3DA19FBE30900686774 /* MGSwipeTableCell.m */,
			);
			path = "Thrid Party";
			sourceTree = "<group>";
		};
		8EB29941551C4B68755BE50E /* Frameworks */ = {
			isa = PBXGroup;
			children = (
				7B8C5E22FBDC5BFD208D8D52 /* libPods.a */,
			);
			name = Frameworks;
			sourceTree = "<group>";
		};
/* End PBXGroup section */

/* Begin PBXNativeTarget section */
		7528481119F2354B0016F54F /* MyHealth */ = {
			isa = PBXNativeTarget;
			buildConfigurationList = 7528483819F2354B0016F54F /* Build configuration list for PBXNativeTarget "MyHealth" */;
			buildPhases = (
				48F42AC2A44600C113062E82 /* Check Pods Manifest.lock */,
				7528480E19F2354B0016F54F /* Sources */,
				7528480F19F2354B0016F54F /* Frameworks */,
				7528481019F2354B0016F54F /* Resources */,
				17B8013AC5E481AAF2729B47 /* Copy Pods Resources */,
			);
			buildRules = (
			);
			dependencies = (
			);
			name = MyHealth;
			productName = MyHealth;
			productReference = 7528481219F2354B0016F54F /* MyHealth.app */;
			productType = "com.apple.product-type.application";
		};
		7528482D19F2354B0016F54F /* MyHealthTests */ = {
			isa = PBXNativeTarget;
			buildConfigurationList = 7528483B19F2354B0016F54F /* Build configuration list for PBXNativeTarget "MyHealthTests" */;
			buildPhases = (
				7528482A19F2354B0016F54F /* Sources */,
				7528482B19F2354B0016F54F /* Frameworks */,
				7528482C19F2354B0016F54F /* Resources */,
			);
			buildRules = (
			);
			dependencies = (
				7528483019F2354B0016F54F /* PBXTargetDependency */,
			);
			name = MyHealthTests;
			productName = MyHealthTests;
			productReference = 7528482E19F2354B0016F54F /* MyHealthTests.xctest */;
			productType = "com.apple.product-type.bundle.unit-test";
		};
/* End PBXNativeTarget section */

/* Begin PBXProject section */
		7528480A19F2354B0016F54F /* Project object */ = {
			isa = PBXProject;
			attributes = {
				LastUpgradeCheck = 0600;
				ORGANIZATIONNAME = Health;
				TargetAttributes = {
					7528481119F2354B0016F54F = {
						CreatedOnToolsVersion = 6.0.1;
					};
					7528482D19F2354B0016F54F = {
						CreatedOnToolsVersion = 6.0.1;
						TestTargetID = 7528481119F2354B0016F54F;
					};
				};
			};
			buildConfigurationList = 7528480D19F2354B0016F54F /* Build configuration list for PBXProject "MyHealth" */;
			compatibilityVersion = "Xcode 3.2";
			developmentRegion = English;
			hasScannedForEncodings = 0;
			knownRegions = (
				en,
				Base,
			);
			mainGroup = 7528480919F2354B0016F54F;
			productRefGroup = 7528481319F2354B0016F54F /* Products */;
			projectDirPath = "";
			projectRoot = "";
			targets = (
				7528481119F2354B0016F54F /* MyHealth */,
				7528482D19F2354B0016F54F /* MyHealthTests */,
			);
		};
/* End PBXProject section */

/* Begin PBXResourcesBuildPhase section */
		7528481019F2354B0016F54F /* Resources */ = {
			isa = PBXResourcesBuildPhase;
			buildActionMask = 2147483647;
			files = (
				75ADA08519F6CCE100BA3E44 /* button_contact@2x.png in Resources */,
				752848C819F2B5FB0016F54F /* doctor.png in Resources */,
				7528487919F26D660016F54F /* button_pleaserate_full@2x.png in Resources */,
				75B351E719F9132500D02CDA /* icon_separatormynotes@2x.png in Resources */,
				7528489619F26D8C0016F54F /* icon_ratereg_null@2x.png in Resources */,
				75ADA09019F6D2BB00BA3E44 /* DoctorEducationHistroyCell.xib in Resources */,
				75B3520419F9254600D02CDA /* button_add@2x.png in Resources */,
				7528487719F26D660016F54F /* button_commentnote@2x.png in Resources */,
				752848C619F2B0ED0016F54F /* Splash_5.png in Resources */,
				75CBD3F819FBFCC300686774 /* button_share.png in Resources */,
				75B3520519F9254600D02CDA /* button_delete@2x.png in Resources */,
				75CBD3C119FBAD1E00686774 /* button_common.png in Resources */,
				75CBD3EC19FBF75E00686774 /* icon_connectmiddle.png in Resources */,
				752848D619F2B83C0016F54F /* Icon-60.png in Resources */,
				75B3520C19F9254600D02CDA /* icon_connectlogo@2x.png in Resources */,
				75CBD3C219FBAD1E00686774 /* button_common@2x.png in Resources */,
				75CBD3CB19FBB87D00686774 /* icon_fieldempty@2x.png in Resources */,
				75CBD3DF19FBE85E00686774 /* button_delete@2x.png in Resources */,
				75CBD3E019FBE85E00686774 /* button_move@2x.png in Resources */,
				75CBD3E619FBF3D200686774 /* button_plus.png in Resources */,
				75CBD3E419FBE8AC00686774 /* button_delete.png in Resources */,
				7528489819F26D8C0016F54F /* icon_ratespec_half@2x.png in Resources */,
				752848D819F2B83C0016F54F /* Icon.png in Resources */,
				75B351E519F901B000D02CDA /* icon_edu.png in Resources */,
				752848D719F2B83C0016F54F /* Icon-60@2x.png in Resources */,
				75CBD40819FC094F00686774 /* icon_connectonedrive.png in Resources */,
				7528485719F23CEA0016F54F /* icon_doctordirectory@2x.png in Resources */,
				75CBD3F619FBF9DE00686774 /* icon_file.png in Resources */,
				75CBD3C419FBAFCA00686774 /* icon_connectlogo@2x.png in Resources */,
				752644EF19F608F900B67525 /* DoctorProfileHeaderView.xib in Resources */,
				7528485A19F23CEA0016F54F /* icon_medicalhistory@2x.png in Resources */,
				7528489019F26D8C0016F54F /* button_search@2x.png in Resources */,
				7528485819F23CEA0016F54F /* icon_headerlogo@2x.png in Resources */,
				75B3521119F9254600D02CDA /* icon_doc.png in Resources */,
				75ADA08319F6C08500BA3E44 /* icon_doctorspecial@2x.png in Resources */,
				75B351D619F8DC3200D02CDA /* DoctorCommentsCustomCell.xib in Resources */,
				7528487B19F26D660016F54F /* button_recdir@2x.png in Resources */,
				75CBD40919FC094F00686774 /* icon_connectdropbox.png in Resources */,
				752848B219F2822E0016F54F /* button_checkboxfilled@2x.png in Resources */,
				7528489319F26D8C0016F54F /* icon_mydoctor@2x.png in Resources */,
				75B3520D19F9254600D02CDA /* icon_connectmiddle@2x.png in Resources */,
				75B351E019F8FA7600D02CDA /* icon_stetho.png in Resources */,
				75CBD40319FC07BC00686774 /* ShareCustomCell.xib in Resources */,
				7528489119F26D8C0016F54F /* button_searchdel@2x.png in Resources */,
				7528487A19F26D660016F54F /* button_pleaserate_null@2x.png in Resources */,
				752848BA19F2822E0016F54F /* icon_separator@2x.png in Resources */,
				75B3520619F9254600D02CDA /* button_move@2x.png in Resources */,
				75B3520819F9254600D02CDA /* button_share@2x.png in Resources */,
				7528488119F26D660016F54F /* icon_separator@2x.png in Resources */,
				75B3520A19F9254600D02CDA /* icon_connectg+@2x.png in Resources */,
				752848B519F2822E0016F54F /* icon_fieldempty@2x.png in Resources */,
				75CBD3F419FBF99000686774 /* icon_file@2x.png in Resources */,
				752644ED19F6060200B67525 /* DoctorProfileCustomCell.xib in Resources */,
				752848D419F2B83C0016F54F /* Icon-40.png in Resources */,
				7528489219F26D8C0016F54F /* icon_favoritedoctor@2x.png in Resources */,
				7528487F19F26D660016F54F /* icon_mydoctor_nactive@2x.png in Resources */,
				7528486719F2498C0016F54F /* MedicalHistoryCustomCell.xib in Resources */,
				75CBD3ED19FBF75E00686774 /* icon_connecttop.png in Resources */,
				75ADA08719F6CD8F00BA3E44 /* button_recdir@2x.png in Resources */,
				75B351DD19F8EDC200D02CDA /* james.jpg in Resources */,
				7528484C19F23CDF0016F54F /* bg.png in Resources */,
				7528485B19F23CEA0016F54F /* icon_menuseparator_i5@2x.png in Resources */,
				7528484519F237370016F54F /* MenuCustomCollectionViewCell.xib in Resources */,
				75B3520919F9254600D02CDA /* icon_connectdropbox@2x.png in Resources */,
				7528487C19F26D660016F54F /* icon_favorite_active@2x.png in Resources */,
				7528487E19F26D660016F54F /* icon_mydoctor_active@2x.png in Resources */,
				752848D519F2B83C0016F54F /* Icon-40@2x.png in Resources */,
				7528489419F26D8C0016F54F /* icon_ratereg_full@2x.png in Resources */,
				752848C219F2A84E0016F54F /* icon_medicaldocs.png in Resources */,
				75CBD3D019FBB8F800686774 /* icon_fieldempty.png in Resources */,
				752848D319F2B83C0016F54F /* Icon-29@2x.png in Resources */,
				75CBD3CA19FBB87D00686774 /* button_checkboxfilled@2x.png in Resources */,
				7528482419F2354B0016F54F /* Main.storyboard in Resources */,
				752848D219F2B83C0016F54F /* Icon-29.png in Resources */,
				7528482919F2354B0016F54F /* LaunchScreen.xib in Resources */,
				7528487D19F26D660016F54F /* icon_favorite_nactive@2x.png in Resources */,
				7528484D19F23CDF0016F54F /* icon_header@2x.png in Resources */,
				752848B319F2822E0016F54F /* button_deselectall@2x.png in Resources */,
				75CBD40B19FC094F00686774 /* icon_connecticloud.png in Resources */,
				752848B919F2822E0016F54F /* icon_selectall@2x.png in Resources */,
				75CBD3D219FBB8F800686774 /* button_checkboxfilled.png in Resources */,
				75CBD3E319FBE8AC00686774 /* button_move.png in Resources */,
				7528489519F26D8C0016F54F /* icon_ratereg_half@2x.png in Resources */,
				7528489719F26D8C0016F54F /* icon_ratespec_full@2x.png in Resources */,
				75CBD3C619FBB01800686774 /* icon_connectlogo.png in Resources */,
				752848C119F2A84E0016F54F /* icon_medicalhistory.png in Resources */,
				7528489919F26D8C0016F54F /* icon_ratespec_null@2x.png in Resources */,
				7528487819F26D660016F54F /* button_contact@2x.png in Resources */,
				75CBD3D119FBB8F800686774 /* icon_fieldfilled.png in Resources */,
				75CBD3CC19FBB87D00686774 /* icon_fieldfilled@2x.png in Resources */,
				75B351DB19F8E0B300D02CDA /* DoctorNotesCustomCell.xib in Resources */,
				7528485C19F23CEA0016F54F /* icon_separator@2x.png in Resources */,
				75B3520F19F9254600D02CDA /* icon_connecttop@2x.png in Resources */,
				75B3520B19F9254600D02CDA /* icon_connecticloud@2x.png in Resources */,
				75B351E119F8FA7600D02CDA /* icon_stetho@2x.png in Resources */,
				752848B619F2822E0016F54F /* icon_fieldfilled@2x.png in Resources */,
				752848B719F2822E0016F54F /* icon_folder@2x.png in Resources */,
				752848D919F2B83C0016F54F /* Icon@2x.png in Resources */,
				75ADA08B19F6D03900BA3E44 /* doc.png in Resources */,
				75CBD3F219FBF92900686774 /* AddDocCustomCell.xib in Resources */,
				75ADA08119F6B9BE00BA3E44 /* DoctorProfileFooterView.xib in Resources */,
				752848C519F2B0ED0016F54F /* Splash_4.png in Resources */,
				75B351F319F923C400D02CDA /* MedicalDocumentsCustomCell.xib in Resources */,
				7528485D19F23CEA0016F54F /* icon_settings@2x.png in Resources */,
				7528482619F2354B0016F54F /* Images.xcassets in Resources */,
				75B3521219F9254600D02CDA /* icon_image@2x.png in Resources */,
				7528488019F26D660016F54F /* icon_ratebg@2x.png in Resources */,
				7528485919F23CEA0016F54F /* icon_medicaldocs@2x.png in Resources */,
				75CBD40A19FC094F00686774 /* icon_connectg+.png in Resources */,
				75CBD40D19FC0FD100686774 /* icon_favorite_nactive.png in Resources */,
				752848B119F2822E0016F54F /* button_checkboxempty@2x.png in Resources */,
				752848C019F2A84E0016F54F /* icon_settings.png in Resources */,
				75B351E419F901B000D02CDA /* icon_edu@2x 2.png in Resources */,
				752848BF19F2A84E0016F54F /* icon_doctordirectory.png in Resources */,
				752848B819F2822E0016F54F /* icon_folderseparator@2x.png in Resources */,
				7528489F19F278C90016F54F /* DoctorHistoryTableViewCell.xib in Resources */,
				7528488219F26D660016F54F /* icon_separatormynotes@2x.png in Resources */,
				7528486A19F24E180016F54F /* icon_doctorspecial_middle@2x.png in Resources */,
				75B3520719F9254600D02CDA /* button_plus@2x.png in Resources */,
				7528488F19F26D8C0016F54F /* button_back@2x.png in Resources */,
				75B3520E19F9254600D02CDA /* icon_connectonedrive@2x.png in Resources */,
				7528485619F23CEA0016F54F /* button_globalsearch@2x.png in Resources */,
				7528489A19F26D8C0016F54F /* icon_searchseparator@2x.png in Resources */,
				752848B419F2822E0016F54F /* button_selectall@2x.png in Resources */,
			);
			runOnlyForDeploymentPostprocessing = 0;
		};
		7528482C19F2354B0016F54F /* Resources */ = {
			isa = PBXResourcesBuildPhase;
			buildActionMask = 2147483647;
			files = (
			);
			runOnlyForDeploymentPostprocessing = 0;
		};
/* End PBXResourcesBuildPhase section */

/* Begin PBXShellScriptBuildPhase section */
		17B8013AC5E481AAF2729B47 /* Copy Pods Resources */ = {
			isa = PBXShellScriptBuildPhase;
			buildActionMask = 2147483647;
			files = (
			);
			inputPaths = (
			);
			name = "Copy Pods Resources";
			outputPaths = (
			);
			runOnlyForDeploymentPostprocessing = 0;
			shellPath = /bin/sh;
			shellScript = "\"${SRCROOT}/Pods/Target Support Files/Pods/Pods-resources.sh\"\n";
			showEnvVarsInLog = 0;
		};
		48F42AC2A44600C113062E82 /* Check Pods Manifest.lock */ = {
			isa = PBXShellScriptBuildPhase;
			buildActionMask = 2147483647;
			files = (
			);
			inputPaths = (
			);
			name = "Check Pods Manifest.lock";
			outputPaths = (
			);
			runOnlyForDeploymentPostprocessing = 0;
			shellPath = /bin/sh;
			shellScript = "diff \"${PODS_ROOT}/../Podfile.lock\" \"${PODS_ROOT}/Manifest.lock\" > /dev/null\nif [[ $? != 0 ]] ; then\n    cat << EOM\nerror: The sandbox is not in sync with the Podfile.lock. Run 'pod install' or update your CocoaPods installation.\nEOM\n    exit 1\nfi\n";
			showEnvVarsInLog = 0;
		};
/* End PBXShellScriptBuildPhase section */

/* Begin PBXSourcesBuildPhase section */
		7528480E19F2354B0016F54F /* Sources */ = {
			isa = PBXSourcesBuildPhase;
			buildActionMask = 2147483647;
			files = (
				75ADA08F19F6D2BB00BA3E44 /* DoctorEducationHistroyCell.m in Sources */,
				75B351DA19F8E0B300D02CDA /* DoctorNotesCustomCell.m in Sources */,
				7528484419F237370016F54F /* MenuCustomCollectionViewCell.m in Sources */,
				75CBD3DC19FBE30900686774 /* MGSwipeTableCell.m in Sources */,
				75CBD40219FC07BC00686774 /* ShareCustomCell.m in Sources */,
				7528486019F243000016F54F /* MedicalHistoryViewController.m in Sources */,
				75ADA07F19F6B9AF00BA3E44 /* DoctorProfileFooterView.m in Sources */,
				7528481B19F2354B0016F54F /* AppDelegate.m in Sources */,
				75CBD3F119FBF92900686774 /* AddDocCustomCell.m in Sources */,
				75CBD3DB19FBE30900686774 /* MGSwipeButton.m in Sources */,
				7528481E19F2354B0016F54F /* MyHealth.xcdatamodeld in Sources */,
				752848A519F2795B0016F54F /* DoctorHistoryViewController.m in Sources */,
				75B91EE819F5602200FDA7F4 /* DoctorProfileViewController.m in Sources */,
				75CBD41019FC113200686774 /* GloblaSearchViewController.m in Sources */,
				75B351F219F923C400D02CDA /* MedicalDocumentsCustomCell.m in Sources */,
				752644EC19F6060200B67525 /* DoctorProfileCustomCell.m in Sources */,
				75CBD3BD19FBA83100686774 /* SettingsViewController.m in Sources */,
				7528484319F237370016F54F /* HomeViewController.m in Sources */,
				7528486619F2498C0016F54F /* MedicalHistoryCustomCell.m in Sources */,
				75CBD3D519FBC3B100686774 /* EmergencyViewController.m in Sources */,
				75CBD3FB19FBFD4400686774 /* ShareViewController.m in Sources */,
				75B351D519F8DC3200D02CDA /* DoctorCommentsCustomCell.m in Sources */,
				7528481819F2354B0016F54F /* main.m in Sources */,
				75ADA07C19F6B88C00BA3E44 /* DoctorProfileHeaderView.m in Sources */,
				75B351EE19F9201400D02CDA /* MedicalDocumentsViewController.m in Sources */,
				75CBD3E919FBF59D00686774 /* AddDocumentsViewController.m in Sources */,
				7528489E19F278C90016F54F /* DoctorHistoryTableViewCell.m in Sources */,
			);
			runOnlyForDeploymentPostprocessing = 0;
		};
		7528482A19F2354B0016F54F /* Sources */ = {
			isa = PBXSourcesBuildPhase;
			buildActionMask = 2147483647;
			files = (
				7528483519F2354B0016F54F /* MyHealthTests.m in Sources */,
			);
			runOnlyForDeploymentPostprocessing = 0;
		};
/* End PBXSourcesBuildPhase section */

/* Begin PBXTargetDependency section */
		7528483019F2354B0016F54F /* PBXTargetDependency */ = {
			isa = PBXTargetDependency;
			target = 7528481119F2354B0016F54F /* MyHealth */;
			targetProxy = 7528482F19F2354B0016F54F /* PBXContainerItemProxy */;
		};
/* End PBXTargetDependency section */

/* Begin PBXVariantGroup section */
		7528482219F2354B0016F54F /* Main.storyboard */ = {
			isa = PBXVariantGroup;
			children = (
				7528482319F2354B0016F54F /* Base */,
			);
			name = Main.storyboard;
			sourceTree = "<group>";
		};
		7528482719F2354B0016F54F /* LaunchScreen.xib */ = {
			isa = PBXVariantGroup;
			children = (
				7528482819F2354B0016F54F /* Base */,
			);
			name = LaunchScreen.xib;
			sourceTree = "<group>";
		};
/* End PBXVariantGroup section */

/* Begin XCBuildConfiguration section */
		7528483619F2354B0016F54F /* Debug */ = {
			isa = XCBuildConfiguration;
			buildSettings = {
				ALWAYS_SEARCH_USER_PATHS = NO;
				CLANG_CXX_LANGUAGE_STANDARD = "gnu++0x";
				CLANG_CXX_LIBRARY = "libc++";
				CLANG_ENABLE_MODULES = YES;
				CLANG_ENABLE_OBJC_ARC = YES;
				CLANG_WARN_BOOL_CONVERSION = YES;
				CLANG_WARN_CONSTANT_CONVERSION = YES;
				CLANG_WARN_DIRECT_OBJC_ISA_USAGE = YES_ERROR;
				CLANG_WARN_EMPTY_BODY = YES;
				CLANG_WARN_ENUM_CONVERSION = YES;
				CLANG_WARN_INT_CONVERSION = YES;
				CLANG_WARN_OBJC_ROOT_CLASS = YES_ERROR;
				CLANG_WARN_UNREACHABLE_CODE = YES;
				CLANG_WARN__DUPLICATE_METHOD_MATCH = YES;
				"CODE_SIGN_IDENTITY[sdk=iphoneos*]" = "iPhone Developer";
				COPY_PHASE_STRIP = NO;
				ENABLE_STRICT_OBJC_MSGSEND = YES;
				GCC_C_LANGUAGE_STANDARD = gnu99;
				GCC_DYNAMIC_NO_PIC = NO;
				GCC_OPTIMIZATION_LEVEL = 0;
				GCC_PREPROCESSOR_DEFINITIONS = (
					"DEBUG=1",
					"$(inherited)",
				);
				GCC_SYMBOLS_PRIVATE_EXTERN = NO;
				GCC_WARN_64_TO_32_BIT_CONVERSION = YES;
				GCC_WARN_ABOUT_RETURN_TYPE = YES_ERROR;
				GCC_WARN_UNDECLARED_SELECTOR = YES;
				GCC_WARN_UNINITIALIZED_AUTOS = YES_AGGRESSIVE;
				GCC_WARN_UNUSED_FUNCTION = YES;
				GCC_WARN_UNUSED_VARIABLE = YES;
				IPHONEOS_DEPLOYMENT_TARGET = 8.0;
				MTL_ENABLE_DEBUG_INFO = YES;
				ONLY_ACTIVE_ARCH = YES;
				SDKROOT = iphoneos;
			};
			name = Debug;
		};
		7528483719F2354B0016F54F /* Release */ = {
			isa = XCBuildConfiguration;
			buildSettings = {
				ALWAYS_SEARCH_USER_PATHS = NO;
				CLANG_CXX_LANGUAGE_STANDARD = "gnu++0x";
				CLANG_CXX_LIBRARY = "libc++";
				CLANG_ENABLE_MODULES = YES;
				CLANG_ENABLE_OBJC_ARC = YES;
				CLANG_WARN_BOOL_CONVERSION = YES;
				CLANG_WARN_CONSTANT_CONVERSION = YES;
				CLANG_WARN_DIRECT_OBJC_ISA_USAGE = YES_ERROR;
				CLANG_WARN_EMPTY_BODY = YES;
				CLANG_WARN_ENUM_CONVERSION = YES;
				CLANG_WARN_INT_CONVERSION = YES;
				CLANG_WARN_OBJC_ROOT_CLASS = YES_ERROR;
				CLANG_WARN_UNREACHABLE_CODE = YES;
				CLANG_WARN__DUPLICATE_METHOD_MATCH = YES;
				"CODE_SIGN_IDENTITY[sdk=iphoneos*]" = "iPhone Developer";
				COPY_PHASE_STRIP = YES;
				ENABLE_NS_ASSERTIONS = NO;
				ENABLE_STRICT_OBJC_MSGSEND = YES;
				GCC_C_LANGUAGE_STANDARD = gnu99;
				GCC_WARN_64_TO_32_BIT_CONVERSION = YES;
				GCC_WARN_ABOUT_RETURN_TYPE = YES_ERROR;
				GCC_WARN_UNDECLARED_SELECTOR = YES;
				GCC_WARN_UNINITIALIZED_AUTOS = YES_AGGRESSIVE;
				GCC_WARN_UNUSED_FUNCTION = YES;
				GCC_WARN_UNUSED_VARIABLE = YES;
				IPHONEOS_DEPLOYMENT_TARGET = 8.0;
				MTL_ENABLE_DEBUG_INFO = NO;
				SDKROOT = iphoneos;
				VALIDATE_PRODUCT = YES;
			};
			name = Release;
		};
		7528483919F2354B0016F54F /* Debug */ = {
			isa = XCBuildConfiguration;
			baseConfigurationReference = B2FBCF72415EE02F8ECC0B81 /* Pods.debug.xcconfig */;
			buildSettings = {
				ASSETCATALOG_COMPILER_APPICON_NAME = AppIcon;
				ASSETCATALOG_COMPILER_LAUNCHIMAGE_NAME = LaunchImage;
				INFOPLIST_FILE = MyHealth/Info.plist;
				LD_RUNPATH_SEARCH_PATHS = "$(inherited) @executable_path/Frameworks";
				PRODUCT_NAME = "$(TARGET_NAME)";
			};
			name = Debug;
		};
		7528483A19F2354B0016F54F /* Release */ = {
			isa = XCBuildConfiguration;
			baseConfigurationReference = D1643A5D5254EE71D3BABD40 /* Pods.release.xcconfig */;
			buildSettings = {
				ASSETCATALOG_COMPILER_APPICON_NAME = AppIcon;
				ASSETCATALOG_COMPILER_LAUNCHIMAGE_NAME = LaunchImage;
				INFOPLIST_FILE = MyHealth/Info.plist;
				LD_RUNPATH_SEARCH_PATHS = "$(inherited) @executable_path/Frameworks";
				PRODUCT_NAME = "$(TARGET_NAME)";
			};
			name = Release;
		};
		7528483C19F2354B0016F54F /* Debug */ = {
			isa = XCBuildConfiguration;
			buildSettings = {
				BUNDLE_LOADER = "$(TEST_HOST)";
				FRAMEWORK_SEARCH_PATHS = (
					"$(SDKROOT)/Developer/Library/Frameworks",
					"$(inherited)",
				);
				GCC_PREPROCESSOR_DEFINITIONS = (
					"DEBUG=1",
					"$(inherited)",
				);
				INFOPLIST_FILE = MyHealthTests/Info.plist;
				LD_RUNPATH_SEARCH_PATHS = "$(inherited) @executable_path/Frameworks @loader_path/Frameworks";
				PRODUCT_NAME = "$(TARGET_NAME)";
				TEST_HOST = "$(BUILT_PRODUCTS_DIR)/MyHealth.app/MyHealth";
			};
			name = Debug;
		};
		7528483D19F2354B0016F54F /* Release */ = {
			isa = XCBuildConfiguration;
			buildSettings = {
				BUNDLE_LOADER = "$(TEST_HOST)";
				FRAMEWORK_SEARCH_PATHS = (
					"$(SDKROOT)/Developer/Library/Frameworks",
					"$(inherited)",
				);
				INFOPLIST_FILE = MyHealthTests/Info.plist;
				LD_RUNPATH_SEARCH_PATHS = "$(inherited) @executable_path/Frameworks @loader_path/Frameworks";
				PRODUCT_NAME = "$(TARGET_NAME)";
				TEST_HOST = "$(BUILT_PRODUCTS_DIR)/MyHealth.app/MyHealth";
			};
			name = Release;
		};
/* End XCBuildConfiguration section */

/* Begin XCConfigurationList section */
		7528480D19F2354B0016F54F /* Build configuration list for PBXProject "MyHealth" */ = {
			isa = XCConfigurationList;
			buildConfigurations = (
				7528483619F2354B0016F54F /* Debug */,
				7528483719F2354B0016F54F /* Release */,
			);
			defaultConfigurationIsVisible = 0;
			defaultConfigurationName = Release;
		};
		7528483819F2354B0016F54F /* Build configuration list for PBXNativeTarget "MyHealth" */ = {
			isa = XCConfigurationList;
			buildConfigurations = (
				7528483919F2354B0016F54F /* Debug */,
				7528483A19F2354B0016F54F /* Release */,
			);
			defaultConfigurationIsVisible = 0;
			defaultConfigurationName = Release;
		};
		7528483B19F2354B0016F54F /* Build configuration list for PBXNativeTarget "MyHealthTests" */ = {
			isa = XCConfigurationList;
			buildConfigurations = (
				7528483C19F2354B0016F54F /* Debug */,
				7528483D19F2354B0016F54F /* Release */,
			);
			defaultConfigurationIsVisible = 0;
			defaultConfigurationName = Release;
		};
/* End XCConfigurationList section */

/* Begin XCVersionGroup section */
		7528481C19F2354B0016F54F /* MyHealth.xcdatamodeld */ = {
			isa = XCVersionGroup;
			children = (
				7528481D19F2354B0016F54F /* MyHealth.xcdatamodel */,
			);
			currentVersion = 7528481D19F2354B0016F54F /* MyHealth.xcdatamodel */;
			path = MyHealth.xcdatamodeld;
			sourceTree = "<group>";
			versionGroupType = wrapper.xcdatamodel;
		};
/* End XCVersionGroup section */
	};
	rootObject = 7528480A19F2354B0016F54F /* Project object */;
}
